<?xml version="1.0" encoding="UTF-8"?>
<!DOCTYPE plist PUBLIC "-//Apple//DTD PLIST 1.0//EN" "http://www.apple.com/DTDs/PropertyList-1.0.dtd">
<plist version="1.0">
<dict>
	<key>archiveVersion</key>
	<string>1</string>
	<key>classes</key>
	<dict/>
	<key>objectVersion</key>
	<string>46</string>
	<key>objects</key>
	<dict>
		<key>45BE4419C975D7D69CA3F896</key>
		<dict>
			<key>buildActionMask</key>
			<string>2147483647</string>
			<key>files</key>
			<array/>
			<key>inputPaths</key>
			<array/>
			<key>isa</key>
			<string>PBXShellScriptBuildPhase</string>
			<key>name</key>
			<string>Check Pods Manifest.lock</string>
			<key>outputPaths</key>
			<array/>
			<key>runOnlyForDeploymentPostprocessing</key>
			<string>0</string>
			<key>shellPath</key>
			<string>/bin/sh</string>
			<key>shellScript</key>
			<string>diff "${PODS_ROOT}/../Podfile.lock" "${PODS_ROOT}/Manifest.lock" &gt; /dev/null
if [[ $? != 0 ]] ; then
    cat &lt;&lt; EOM
error: The sandbox is not in sync with the Podfile.lock. Run 'pod install' or update your CocoaPods installation.
EOM
    exit 1
fi
</string>
			<key>showEnvVarsInLog</key>
			<string>0</string>
		</dict>
		<key>5062775674B9113B3A64F251</key>
		<dict>
			<key>buildActionMask</key>
			<string>2147483647</string>
			<key>files</key>
			<array/>
			<key>inputPaths</key>
			<array/>
			<key>isa</key>
			<string>PBXShellScriptBuildPhase</string>
			<key>name</key>
			<string>Embed Pods Frameworks</string>
			<key>outputPaths</key>
			<array/>
			<key>runOnlyForDeploymentPostprocessing</key>
			<string>0</string>
			<key>shellPath</key>
			<string>/bin/sh</string>
			<key>shellScript</key>
			<string>"${SRCROOT}/Pods/Target Support Files/Pods-PEP/Pods-PEP-frameworks.sh"
</string>
			<key>showEnvVarsInLog</key>
			<string>0</string>
		</dict>
		<key>5206C4151CA2A0F7005BCAC1</key>
		<dict>
			<key>children</key>
			<array>
				<string>5206C4161CA2A11F005BCAC1</string>
			</array>
			<key>isa</key>
			<string>PBXGroup</string>
			<key>name</key>
			<string>information</string>
			<key>sourceTree</key>
			<string>&lt;group&gt;</string>
		</dict>
		<key>5206C4161CA2A11F005BCAC1</key>
		<dict>
			<key>fileEncoding</key>
			<string>4</string>
			<key>isa</key>
			<string>PBXFileReference</string>
			<key>lastKnownFileType</key>
			<string>sourcecode.swift</string>
			<key>path</key>
			<string>InformationViewController.swift</string>
			<key>sourceTree</key>
			<string>&lt;group&gt;</string>
		</dict>
		<key>5206C4171CA2A11F005BCAC1</key>
		<dict>
			<key>fileRef</key>
			<string>5206C4161CA2A11F005BCAC1</string>
			<key>isa</key>
			<string>PBXBuildFile</string>
		</dict>
		<key>52C4AAF61CC0349100E35F5C</key>
		<dict>
			<key>children</key>
			<array>
				<string>52EF8B211CC4355200D00E40</string>
				<string>52EF8B221CC4355200D00E40</string>
				<string>52EF8B231CC4355200D00E40</string>
				<string>52EF8B241CC4355200D00E40</string>
				<string>52EF8B251CC4355200D00E40</string>
				<string>52EF8B261CC4355200D00E40</string>
				<string>52EF8B271CC4355200D00E40</string>
				<string>52EF8B281CC4355200D00E40</string>
				<string>52EF8B291CC4355200D00E40</string>
				<string>52EF8B2A1CC4355200D00E40</string>
			</array>
			<key>isa</key>
			<string>PBXGroup</string>
			<key>name</key>
			<string>app_icons</string>
			<key>sourceTree</key>
			<string>&lt;group&gt;</string>
		</dict>
		<key>52EF8B211CC4355200D00E40</key>
		<dict>
			<key>isa</key>
			<string>PBXFileReference</string>
			<key>lastKnownFileType</key>
			<string>image.png</string>
			<key>path</key>
			<string>pepIcon-60@2x.png</string>
			<key>sourceTree</key>
			<string>&lt;group&gt;</string>
		</dict>
		<key>52EF8B221CC4355200D00E40</key>
		<dict>
			<key>isa</key>
			<string>PBXFileReference</string>
			<key>lastKnownFileType</key>
			<string>image.png</string>
			<key>path</key>
			<string>pepIcon-60@3x.png</string>
			<key>sourceTree</key>
			<string>&lt;group&gt;</string>
		</dict>
		<key>52EF8B231CC4355200D00E40</key>
		<dict>
			<key>isa</key>
			<string>PBXFileReference</string>
			<key>lastKnownFileType</key>
			<string>image.png</string>
			<key>path</key>
			<string>pepIcon-76.png</string>
			<key>sourceTree</key>
			<string>&lt;group&gt;</string>
		</dict>
		<key>52EF8B241CC4355200D00E40</key>
		<dict>
			<key>isa</key>
			<string>PBXFileReference</string>
			<key>lastKnownFileType</key>
			<string>image.png</string>
			<key>path</key>
			<string>pepIcon-76@2x.png</string>
			<key>sourceTree</key>
			<string>&lt;group&gt;</string>
		</dict>
		<key>52EF8B251CC4355200D00E40</key>
		<dict>
			<key>isa</key>
			<string>PBXFileReference</string>
			<key>lastKnownFileType</key>
			<string>image.png</string>
			<key>path</key>
			<string>pepIcon-Small-40.png</string>
			<key>sourceTree</key>
			<string>&lt;group&gt;</string>
		</dict>
		<key>52EF8B261CC4355200D00E40</key>
		<dict>
			<key>isa</key>
			<string>PBXFileReference</string>
			<key>lastKnownFileType</key>
			<string>image.png</string>
			<key>path</key>
			<string>pepIcon-Small-40@2x.png</string>
			<key>sourceTree</key>
			<string>&lt;group&gt;</string>
		</dict>
		<key>52EF8B271CC4355200D00E40</key>
		<dict>
			<key>isa</key>
			<string>PBXFileReference</string>
			<key>lastKnownFileType</key>
			<string>image.png</string>
			<key>path</key>
			<string>pepIcon-Small-40@3x.png</string>
			<key>sourceTree</key>
			<string>&lt;group&gt;</string>
		</dict>
		<key>52EF8B281CC4355200D00E40</key>
		<dict>
			<key>isa</key>
			<string>PBXFileReference</string>
			<key>lastKnownFileType</key>
			<string>image.png</string>
			<key>path</key>
			<string>pepIcon-Small.png</string>
			<key>sourceTree</key>
			<string>&lt;group&gt;</string>
		</dict>
		<key>52EF8B291CC4355200D00E40</key>
		<dict>
			<key>isa</key>
			<string>PBXFileReference</string>
			<key>lastKnownFileType</key>
			<string>image.png</string>
			<key>path</key>
			<string>pepIcon-Small@2x.png</string>
			<key>sourceTree</key>
			<string>&lt;group&gt;</string>
		</dict>
		<key>52EF8B2A1CC4355200D00E40</key>
		<dict>
			<key>isa</key>
			<string>PBXFileReference</string>
			<key>lastKnownFileType</key>
			<string>image.png</string>
			<key>path</key>
			<string>pepIcon-Small@3x.png</string>
			<key>sourceTree</key>
			<string>&lt;group&gt;</string>
		</dict>
		<key>52EF8B2B1CC4355200D00E40</key>
		<dict>
			<key>fileRef</key>
			<string>52EF8B211CC4355200D00E40</string>
			<key>isa</key>
			<string>PBXBuildFile</string>
		</dict>
		<key>52EF8B2C1CC4355200D00E40</key>
		<dict>
			<key>fileRef</key>
			<string>52EF8B221CC4355200D00E40</string>
			<key>isa</key>
			<string>PBXBuildFile</string>
		</dict>
		<key>52EF8B2D1CC4355200D00E40</key>
		<dict>
			<key>fileRef</key>
			<string>52EF8B231CC4355200D00E40</string>
			<key>isa</key>
			<string>PBXBuildFile</string>
		</dict>
		<key>52EF8B2E1CC4355200D00E40</key>
		<dict>
			<key>fileRef</key>
			<string>52EF8B241CC4355200D00E40</string>
			<key>isa</key>
			<string>PBXBuildFile</string>
		</dict>
		<key>52EF8B2F1CC4355200D00E40</key>
		<dict>
			<key>fileRef</key>
			<string>52EF8B251CC4355200D00E40</string>
			<key>isa</key>
			<string>PBXBuildFile</string>
		</dict>
		<key>52EF8B301CC4355200D00E40</key>
		<dict>
			<key>fileRef</key>
			<string>52EF8B261CC4355200D00E40</string>
			<key>isa</key>
			<string>PBXBuildFile</string>
		</dict>
		<key>52EF8B311CC4355200D00E40</key>
		<dict>
			<key>fileRef</key>
			<string>52EF8B271CC4355200D00E40</string>
			<key>isa</key>
			<string>PBXBuildFile</string>
		</dict>
		<key>52EF8B321CC4355200D00E40</key>
		<dict>
			<key>fileRef</key>
			<string>52EF8B281CC4355200D00E40</string>
			<key>isa</key>
			<string>PBXBuildFile</string>
		</dict>
		<key>52EF8B331CC4355200D00E40</key>
		<dict>
			<key>fileRef</key>
			<string>52EF8B291CC4355200D00E40</string>
			<key>isa</key>
			<string>PBXBuildFile</string>
		</dict>
		<key>52EF8B341CC4355200D00E40</key>
		<dict>
			<key>fileRef</key>
			<string>52EF8B2A1CC4355200D00E40</string>
			<key>isa</key>
			<string>PBXBuildFile</string>
		</dict>
		<key>532272D01CC677D6009A412E</key>
		<dict>
			<key>fileEncoding</key>
			<string>4</string>
			<key>isa</key>
			<string>PBXFileReference</string>
			<key>lastKnownFileType</key>
			<string>sourcecode.swift</string>
			<key>path</key>
			<string>ColorViewController.swift</string>
			<key>sourceTree</key>
			<string>&lt;group&gt;</string>
		</dict>
		<key>532272D11CC677D6009A412E</key>
		<dict>
			<key>fileRef</key>
			<string>532272D01CC677D6009A412E</string>
			<key>isa</key>
			<string>PBXBuildFile</string>
		</dict>
		<key>532272D21CC677F0009A412E</key>
		<dict>
			<key>fileEncoding</key>
			<string>4</string>
			<key>isa</key>
			<string>PBXFileReference</string>
			<key>lastKnownFileType</key>
			<string>sourcecode.swift</string>
			<key>path</key>
			<string>ColorTableViewController.swift</string>
			<key>sourceTree</key>
			<string>&lt;group&gt;</string>
		</dict>
		<key>532272D31CC677F0009A412E</key>
		<dict>
			<key>fileRef</key>
			<string>532272D21CC677F0009A412E</string>
			<key>isa</key>
			<string>PBXBuildFile</string>
		</dict>
		<key>532272D41CC67808009A412E</key>
		<dict>
			<key>fileEncoding</key>
			<string>4</string>
			<key>isa</key>
			<string>PBXFileReference</string>
			<key>lastKnownFileType</key>
			<string>sourcecode.swift</string>
			<key>path</key>
			<string>StyleViewController.swift</string>
			<key>sourceTree</key>
			<string>&lt;group&gt;</string>
		</dict>
		<key>532272D51CC67808009A412E</key>
		<dict>
			<key>fileRef</key>
			<string>532272D41CC67808009A412E</string>
			<key>isa</key>
			<string>PBXBuildFile</string>
		</dict>
		<key>532272D61CC67AB3009A412E</key>
		<dict>
			<key>fileEncoding</key>
			<string>4</string>
			<key>isa</key>
			<string>PBXFileReference</string>
			<key>lastKnownFileType</key>
			<string>sourcecode.swift</string>
			<key>path</key>
			<string>PassportColor.swift</string>
			<key>sourceTree</key>
			<string>&lt;group&gt;</string>
		</dict>
		<key>532272D71CC67AB3009A412E</key>
		<dict>
			<key>fileRef</key>
			<string>532272D61CC67AB3009A412E</string>
			<key>isa</key>
			<string>PBXBuildFile</string>
		</dict>
		<key>532272DA1CC6808B009A412E</key>
		<dict>
			<key>fileEncoding</key>
			<string>4</string>
			<key>isa</key>
			<string>PBXFileReference</string>
			<key>lastKnownFileType</key>
			<string>sourcecode.swift</string>
			<key>path</key>
			<string>ColorTableCell.swift</string>
			<key>sourceTree</key>
			<string>&lt;group&gt;</string>
		</dict>
		<key>532272DB1CC6808B009A412E</key>
		<dict>
			<key>fileRef</key>
			<string>532272DA1CC6808B009A412E</string>
			<key>isa</key>
			<string>PBXBuildFile</string>
		</dict>
		<key>5334ED091CA95C0800C16912</key>
		<dict>
			<key>fileEncoding</key>
			<string>4</string>
			<key>isa</key>
			<string>PBXFileReference</string>
			<key>lastKnownFileType</key>
			<string>sourcecode.swift</string>
			<key>path</key>
			<string>LoginViewController.swift</string>
			<key>sourceTree</key>
			<string>&lt;group&gt;</string>
		</dict>
		<key>5334ED0A1CA95C0800C16912</key>
		<dict>
			<key>fileRef</key>
			<string>5334ED091CA95C0800C16912</string>
			<key>isa</key>
			<string>PBXBuildFile</string>
		</dict>
		<key>533812D21CC7AD5600C9AE30</key>
		<dict>
			<key>fileEncoding</key>
			<string>4</string>
			<key>isa</key>
			<string>PBXFileReference</string>
			<key>lastKnownFileType</key>
			<string>sourcecode.swift</string>
			<key>path</key>
			<string>ColorPageViewController.swift</string>
			<key>sourceTree</key>
			<string>&lt;group&gt;</string>
		</dict>
		<key>533812D31CC7AD5600C9AE30</key>
		<dict>
			<key>fileRef</key>
			<string>533812D21CC7AD5600C9AE30</string>
			<key>isa</key>
			<string>PBXBuildFile</string>
		</dict>
		<key>533CF07B1CA084F600A1EC05</key>
		<dict>
			<key>children</key>
			<array>
				<string>52C4AAF61CC0349100E35F5C</string>
				<string>53512D3A1CA2BC0E00E81676</string>
				<string>53512D321CA2ACFD00E81676</string>
				<string>53512D331CA2ACFD00E81676</string>
				<string>53512D341CA2ACFD00E81676</string>
				<string>53512D351CA2ACFD00E81676</string>
				<string>533CF0801CA085A400A1EC05</string>
				<string>533CF0811CA085A400A1EC05</string>
			</array>
			<key>isa</key>
			<string>PBXGroup</string>
			<key>name</key>
			<string>res</string>
			<key>path</key>
			<string>..</string>
			<key>sourceTree</key>
			<string>&lt;group&gt;</string>
		</dict>
		<key>533CF0801CA085A400A1EC05</key>
		<dict>
			<key>isa</key>
			<string>PBXFileReference</string>
			<key>lastKnownFileType</key>
			<string>image.png</string>
			<key>path</key>
			<string>splash_bottomrightcorner.png</string>
			<key>sourceTree</key>
			<string>&lt;group&gt;</string>
		</dict>
		<key>533CF0811CA085A400A1EC05</key>
		<dict>
			<key>isa</key>
			<string>PBXFileReference</string>
			<key>lastKnownFileType</key>
			<string>image.png</string>
			<key>path</key>
			<string>splash_topleftcorner.png</string>
			<key>sourceTree</key>
			<string>&lt;group&gt;</string>
		</dict>
		<key>533CF0821CA085A400A1EC05</key>
		<dict>
			<key>fileRef</key>
			<string>533CF0801CA085A400A1EC05</string>
			<key>isa</key>
			<string>PBXBuildFile</string>
		</dict>
		<key>533CF0831CA085A400A1EC05</key>
		<dict>
			<key>fileRef</key>
			<string>533CF0811CA085A400A1EC05</string>
			<key>isa</key>
			<string>PBXBuildFile</string>
		</dict>
		<key>53512D321CA2ACFD00E81676</key>
		<dict>
			<key>isa</key>
			<string>PBXFileReference</string>
			<key>lastKnownFileType</key>
			<string>image.png</string>
			<key>path</key>
			<string>more_icon.png</string>
			<key>sourceTree</key>
			<string>&lt;group&gt;</string>
		</dict>
		<key>53512D331CA2ACFD00E81676</key>
		<dict>
			<key>isa</key>
			<string>PBXFileReference</string>
			<key>lastKnownFileType</key>
			<string>image.png</string>
			<key>path</key>
			<string>pass_icon.png</string>
			<key>sourceTree</key>
			<string>&lt;group&gt;</string>
		</dict>
		<key>53512D341CA2ACFD00E81676</key>
		<dict>
			<key>isa</key>
			<string>PBXFileReference</string>
			<key>lastKnownFileType</key>
			<string>image.png</string>
			<key>path</key>
			<string>settings_icon.png</string>
			<key>sourceTree</key>
			<string>&lt;group&gt;</string>
		</dict>
		<key>53512D351CA2ACFD00E81676</key>
		<dict>
			<key>isa</key>
			<string>PBXFileReference</string>
			<key>lastKnownFileType</key>
			<string>image.png</string>
			<key>path</key>
			<string>scan_icon.png</string>
			<key>sourceTree</key>
			<string>&lt;group&gt;</string>
		</dict>
		<key>53512D361CA2ACFD00E81676</key>
		<dict>
			<key>fileRef</key>
			<string>53512D321CA2ACFD00E81676</string>
			<key>isa</key>
			<string>PBXBuildFile</string>
		</dict>
		<key>53512D371CA2ACFD00E81676</key>
		<dict>
			<key>fileRef</key>
			<string>53512D331CA2ACFD00E81676</string>
			<key>isa</key>
			<string>PBXBuildFile</string>
		</dict>
		<key>53512D381CA2ACFD00E81676</key>
		<dict>
			<key>fileRef</key>
			<string>53512D341CA2ACFD00E81676</string>
			<key>isa</key>
			<string>PBXBuildFile</string>
		</dict>
		<key>53512D391CA2ACFD00E81676</key>
		<dict>
			<key>fileRef</key>
			<string>53512D351CA2ACFD00E81676</string>
			<key>isa</key>
			<string>PBXBuildFile</string>
		</dict>
		<key>53512D3A1CA2BC0E00E81676</key>
		<dict>
			<key>children</key>
			<array>
				<string>53512D3B1CA2BC2900E81676</string>
				<string>53512D3C1CA2BC2900E81676</string>
				<string>53512D3D1CA2BC2900E81676</string>
			</array>
			<key>isa</key>
			<string>PBXGroup</string>
			<key>name</key>
			<string>types</string>
			<key>sourceTree</key>
			<string>&lt;group&gt;</string>
		</dict>
		<key>53512D3B1CA2BC2900E81676</key>
		<dict>
			<key>isa</key>
			<string>PBXFileReference</string>
			<key>lastKnownFileType</key>
			<string>file</string>
			<key>path</key>
			<string>Roboto-Bold.ttf</string>
			<key>sourceTree</key>
			<string>&lt;group&gt;</string>
		</dict>
		<key>53512D3C1CA2BC2900E81676</key>
		<dict>
			<key>isa</key>
			<string>PBXFileReference</string>
			<key>lastKnownFileType</key>
			<string>file</string>
			<key>path</key>
			<string>Roboto-Italic.ttf</string>
			<key>sourceTree</key>
			<string>&lt;group&gt;</string>
		</dict>
		<key>53512D3D1CA2BC2900E81676</key>
		<dict>
			<key>isa</key>
			<string>PBXFileReference</string>
			<key>lastKnownFileType</key>
			<string>file</string>
			<key>path</key>
			<string>Roboto-Regular.ttf</string>
			<key>sourceTree</key>
			<string>&lt;group&gt;</string>
		</dict>
		<key>53512D3E1CA2BC2900E81676</key>
		<dict>
			<key>fileRef</key>
			<string>53512D3B1CA2BC2900E81676</string>
			<key>isa</key>
			<string>PBXBuildFile</string>
		</dict>
		<key>53512D3F1CA2BC2900E81676</key>
		<dict>
			<key>fileRef</key>
			<string>53512D3C1CA2BC2900E81676</string>
			<key>isa</key>
			<string>PBXBuildFile</string>
		</dict>
		<key>53512D401CA2BC2900E81676</key>
		<dict>
			<key>fileRef</key>
			<string>53512D3D1CA2BC2900E81676</string>
			<key>isa</key>
			<string>PBXBuildFile</string>
		</dict>
		<key>536C65301CD212E100946003</key>
		<dict>
			<key>fileEncoding</key>
			<string>4</string>
			<key>isa</key>
			<string>PBXFileReference</string>
			<key>lastKnownFileType</key>
			<string>sourcecode.swift</string>
			<key>path</key>
			<string>RequestController.swift</string>
			<key>sourceTree</key>
			<string>&lt;group&gt;</string>
		</dict>
		<key>536C65311CD212E100946003</key>
		<dict>
			<key>fileRef</key>
			<string>536C65301CD212E100946003</string>
			<key>isa</key>
			<string>PBXBuildFile</string>
		</dict>
		<key>5396D0E51C9B074B0010B3E1</key>
		<dict>
			<key>fileEncoding</key>
			<string>4</string>
			<key>isa</key>
			<string>PBXFileReference</string>
			<key>lastKnownFileType</key>
			<string>sourcecode.swift</string>
			<key>path</key>
			<string>SettingsViewController.swift</string>
			<key>sourceTree</key>
			<string>&lt;group&gt;</string>
		</dict>
		<key>5396D0E61C9B074B0010B3E1</key>
		<dict>
			<key>fileRef</key>
			<string>5396D0E51C9B074B0010B3E1</string>
			<key>isa</key>
			<string>PBXBuildFile</string>
		</dict>
		<key>5396D0E71C9B07670010B3E1</key>
		<dict>
			<key>fileEncoding</key>
			<string>4</string>
			<key>isa</key>
			<string>PBXFileReference</string>
			<key>lastKnownFileType</key>
			<string>sourcecode.swift</string>
			<key>path</key>
			<string>PassportViewController.swift</string>
			<key>sourceTree</key>
			<string>&lt;group&gt;</string>
		</dict>
		<key>5396D0E81C9B07670010B3E1</key>
		<dict>
			<key>fileRef</key>
			<string>5396D0E71C9B07670010B3E1</string>
			<key>isa</key>
			<string>PBXBuildFile</string>
		</dict>
		<key>5396D0E91C9B076E0010B3E1</key>
		<dict>
			<key>children</key>
			<array>
				<string>5396D0E51C9B074B0010B3E1</string>
			</array>
			<key>isa</key>
			<string>PBXGroup</string>
			<key>name</key>
			<string>settings</string>
			<key>sourceTree</key>
			<string>&lt;group&gt;</string>
		</dict>
		<key>5396D0EA1C9B07960010B3E1</key>
		<dict>
			<key>children</key>
			<array>
				<string>53B6420B1C98924E00B08F3B</string>
			</array>
			<key>isa</key>
			<string>PBXGroup</string>
			<key>name</key>
			<string>scanning</string>
			<key>sourceTree</key>
			<string>&lt;group&gt;</string>
		</dict>
		<key>5396D0EB1C9B07A50010B3E1</key>
		<dict>
			<key>children</key>
			<array>
				<string>5396D0E71C9B07670010B3E1</string>
				<string>532272D01CC677D6009A412E</string>
				<string>532272D21CC677F0009A412E</string>
				<string>532272D41CC67808009A412E</string>
				<string>532272DA1CC6808B009A412E</string>
				<string>533812D21CC7AD5600C9AE30</string>
			</array>
			<key>isa</key>
			<string>PBXGroup</string>
			<key>name</key>
			<string>passport</string>
			<key>sourceTree</key>
			<string>&lt;group&gt;</string>
		</dict>
		<key>5396D0EC1C9B07BC0010B3E1</key>
		<dict>
			<key>children</key>
			<array/>
			<key>isa</key>
			<string>PBXGroup</string>
			<key>name</key>
			<string>core</string>
			<key>sourceTree</key>
			<string>&lt;group&gt;</string>
		</dict>
		<key>5396D0ED1C9B07C20010B3E1</key>
		<dict>
			<key>children</key>
			<array>
				<string>53BF79F11CB79FBC0070EC3E</string>
				<string>532272D61CC67AB3009A412E</string>
				<string>53C6FE361CCFBE720008652B</string>
			</array>
			<key>isa</key>
			<string>PBXGroup</string>
			<key>name</key>
			<string>models</string>
			<key>sourceTree</key>
			<string>&lt;group&gt;</string>
		</dict>
		<key>53B641FD1C98924E00B08F3B</key>
		<dict>
			<key>children</key>
			<array>
				<string>53B642081C98924E00B08F3B</string>
				<string>53B6421D1C98924E00B08F3B</string>
				<string>53B642071C98924E00B08F3B</string>
				<string>6CE92AD9C473348D6F012728</string>
				<string>5832BE776958DC47746CA168</string>
			</array>
			<key>isa</key>
			<string>PBXGroup</string>
			<key>sourceTree</key>
			<string>&lt;group&gt;</string>
		</dict>
		<key>53B641FE1C98924E00B08F3B</key>
		<dict>
			<key>attributes</key>
			<dict>
				<key>LastSwiftUpdateCheck</key>
				<string>0720</string>
				<key>LastUpgradeCheck</key>
				<string>0720</string>
				<key>ORGANIZATIONNAME</key>
				<string>42IN11SOb</string>
				<key>TargetAttributes</key>
				<dict>
					<key>53B642051C98924E00B08F3B</key>
					<dict>
						<key>CreatedOnToolsVersion</key>
						<string>7.2.1</string>
						<key>DevelopmentTeam</key>
						<string>NPT7P9MQHA</string>
					</dict>
					<key>53B642191C98924E00B08F3B</key>
					<dict>
						<key>CreatedOnToolsVersion</key>
						<string>7.2.1</string>
						<key>DevelopmentTeam</key>
						<string>J2J96F52QX</string>
						<key>TestTargetID</key>
						<string>53B642051C98924E00B08F3B</string>
					</dict>
				</dict>
			</dict>
			<key>buildConfigurationList</key>
			<string>53B642011C98924E00B08F3B</string>
			<key>compatibilityVersion</key>
			<string>Xcode 3.2</string>
			<key>developmentRegion</key>
			<string>English</string>
			<key>hasScannedForEncodings</key>
			<string>0</string>
			<key>isa</key>
			<string>PBXProject</string>
			<key>knownRegions</key>
			<array>
				<string>en</string>
				<string>Base</string>
				<string>nl</string>
			</array>
			<key>mainGroup</key>
			<string>53B641FD1C98924E00B08F3B</string>
			<key>productRefGroup</key>
			<string>53B642071C98924E00B08F3B</string>
			<key>projectDirPath</key>
			<string></string>
			<key>projectReferences</key>
			<array/>
			<key>projectRoot</key>
			<string></string>
			<key>targets</key>
			<array>
				<string>53B642051C98924E00B08F3B</string>
				<string>53B642191C98924E00B08F3B</string>
			</array>
		</dict>
		<key>53B642011C98924E00B08F3B</key>
		<dict>
			<key>buildConfigurations</key>
			<array>
				<string>53B642211C98924F00B08F3B</string>
				<string>53B642221C98924F00B08F3B</string>
			</array>
			<key>defaultConfigurationIsVisible</key>
			<string>0</string>
			<key>defaultConfigurationName</key>
			<string>Release</string>
			<key>isa</key>
			<string>XCConfigurationList</string>
		</dict>
		<key>53B642021C98924E00B08F3B</key>
		<dict>
			<key>buildActionMask</key>
			<string>2147483647</string>
			<key>files</key>
			<array>
				<string>533812D31CC7AD5600C9AE30</string>
				<string>532272D51CC67808009A412E</string>
				<string>53B6420C1C98924E00B08F3B</string>
				<string>532272DB1CC6808B009A412E</string>
				<string>5396D0E61C9B074B0010B3E1</string>
				<string>53C6FE371CCFBE720008652B</string>
				<string>5206C4171CA2A11F005BCAC1</string>
				<string>532272D71CC67AB3009A412E</string>
				<string>53B6422A1C989BA100B08F3B</string>
				<string>5334ED0A1CA95C0800C16912</string>
				<string>53BF79F21CB79FBC0070EC3E</string>
				<string>53B6422C1C98BF3300B08F3B</string>
				<string>53B6420A1C98924E00B08F3B</string>
				<string>536C65311CD212E100946003</string>
				<string>532272D11CC677D6009A412E</string>
				<string>532272D31CC677F0009A412E</string>
				<string>5396D0E81C9B07670010B3E1</string>
			</array>
			<key>isa</key>
			<string>PBXSourcesBuildPhase</string>
			<key>runOnlyForDeploymentPostprocessing</key>
			<string>0</string>
		</dict>
		<key>53B642031C98924E00B08F3B</key>
		<dict>
			<key>buildActionMask</key>
			<string>2147483647</string>
			<key>files</key>
			<array>
				<string>76842F69E0A5E7F298BB2360</string>
			</array>
			<key>isa</key>
			<string>PBXFrameworksBuildPhase</string>
			<key>runOnlyForDeploymentPostprocessing</key>
			<string>0</string>
		</dict>
		<key>53B642041C98924E00B08F3B</key>
		<dict>
			<key>buildActionMask</key>
			<string>2147483647</string>
			<key>files</key>
			<array>
				<string>53B642141C98924E00B08F3B</string>
				<string>52EF8B301CC4355200D00E40</string>
				<string>53512D391CA2ACFD00E81676</string>
				<string>52EF8B321CC4355200D00E40</string>
				<string>52EF8B2C1CC4355200D00E40</string>
				<string>53512D3E1CA2BC2900E81676</string>
				<string>53512D371CA2ACFD00E81676</string>
				<string>533CF0821CA085A400A1EC05</string>
				<string>53B642111C98924E00B08F3B</string>
				<string>53512D401CA2BC2900E81676</string>
				<string>52EF8B2E1CC4355200D00E40</string>
				<string>52EF8B311CC4355200D00E40</string>
				<string>53512D361CA2ACFD00E81676</string>
				<string>52EF8B2F1CC4355200D00E40</string>
				<string>52EF8B2D1CC4355200D00E40</string>
				<string>53512D381CA2ACFD00E81676</string>
				<string>53BF79F81CB7C41B0070EC3E</string>
				<string>52EF8B341CC4355200D00E40</string>
				<string>533CF0831CA085A400A1EC05</string>
				<string>52EF8B2B1CC4355200D00E40</string>
				<string>52EF8B331CC4355200D00E40</string>
				<string>53512D3F1CA2BC2900E81676</string>
				<string>53B6420F1C98924E00B08F3B</string>
			</array>
			<key>isa</key>
			<string>PBXResourcesBuildPhase</string>
			<key>runOnlyForDeploymentPostprocessing</key>
			<string>0</string>
		</dict>
		<key>53B642051C98924E00B08F3B</key>
		<dict>
			<key>buildConfigurationList</key>
			<string>53B642231C98924F00B08F3B</string>
			<key>buildPhases</key>
			<array>
				<string>FC0786AD3BB4C08F4995BF93</string>
				<string>53B642021C98924E00B08F3B</string>
				<string>53B642031C98924E00B08F3B</string>
				<string>53B642041C98924E00B08F3B</string>
				<string>5062775674B9113B3A64F251</string>
				<string>B1F8F250DE34282519331A7F</string>
			</array>
			<key>buildRules</key>
			<array/>
			<key>dependencies</key>
			<array/>
			<key>isa</key>
			<string>PBXNativeTarget</string>
			<key>name</key>
			<string>PEP</string>
			<key>productName</key>
			<string>PEP</string>
			<key>productReference</key>
			<string>53B642061C98924E00B08F3B</string>
			<key>productType</key>
			<string>com.apple.product-type.application</string>
		</dict>
		<key>53B642061C98924E00B08F3B</key>
		<dict>
			<key>explicitFileType</key>
			<string>wrapper.application</string>
			<key>includeInIndex</key>
			<string>0</string>
			<key>isa</key>
			<string>PBXFileReference</string>
			<key>path</key>
			<string>PEP.app</string>
			<key>sourceTree</key>
			<string>BUILT_PRODUCTS_DIR</string>
		</dict>
		<key>53B642071C98924E00B08F3B</key>
		<dict>
			<key>children</key>
			<array>
				<string>53B642061C98924E00B08F3B</string>
				<string>53B6421A1C98924E00B08F3B</string>
			</array>
			<key>isa</key>
			<string>PBXGroup</string>
			<key>name</key>
			<string>Products</string>
			<key>sourceTree</key>
			<string>&lt;group&gt;</string>
		</dict>
		<key>53B642081C98924E00B08F3B</key>
		<dict>
			<key>children</key>
			<array>
				<string>53BF79F51CB7C3A30070EC3E</string>
				<string>53BF79F01CB79F0C0070EC3E</string>
				<string>533CF07B1CA084F600A1EC05</string>
				<string>5396D0ED1C9B07C20010B3E1</string>
				<string>5396D0EC1C9B07BC0010B3E1</string>
				<string>53B642091C98924E00B08F3B</string>
				<string>53B6420D1C98924E00B08F3B</string>
				<string>53B642101C98924E00B08F3B</string>
				<string>53B642121C98924E00B08F3B</string>
				<string>53B642151C98924E00B08F3B</string>
				<string>53B6422B1C98BF3300B08F3B</string>
			</array>
			<key>isa</key>
			<string>PBXGroup</string>
			<key>path</key>
			<string>PEP</string>
			<key>sourceTree</key>
			<string>&lt;group&gt;</string>
		</dict>
		<key>53B642091C98924E00B08F3B</key>
		<dict>
			<key>isa</key>
			<string>PBXFileReference</string>
			<key>lastKnownFileType</key>
			<string>sourcecode.swift</string>
			<key>path</key>
			<string>AppDelegate.swift</string>
			<key>sourceTree</key>
			<string>&lt;group&gt;</string>
		</dict>
		<key>53B6420A1C98924E00B08F3B</key>
		<dict>
			<key>fileRef</key>
			<string>53B642091C98924E00B08F3B</string>
			<key>isa</key>
			<string>PBXBuildFile</string>
		</dict>
		<key>53B6420B1C98924E00B08F3B</key>
		<dict>
			<key>isa</key>
			<string>PBXFileReference</string>
			<key>lastKnownFileType</key>
			<string>sourcecode.swift</string>
			<key>path</key>
			<string>ScanViewController.swift</string>
			<key>sourceTree</key>
			<string>&lt;group&gt;</string>
		</dict>
		<key>53B6420C1C98924E00B08F3B</key>
		<dict>
			<key>fileRef</key>
			<string>53B6420B1C98924E00B08F3B</string>
			<key>isa</key>
			<string>PBXBuildFile</string>
		</dict>
		<key>53B6420D1C98924E00B08F3B</key>
		<dict>
			<key>children</key>
			<array>
				<string>53B6420E1C98924E00B08F3B</string>
				<string>53BF79F31CB7C30F0070EC3E</string>
				<string>53BF79FE1CB7C4800070EC3E</string>
			</array>
			<key>isa</key>
			<string>PBXVariantGroup</string>
			<key>name</key>
			<string>Main.storyboard</string>
			<key>sourceTree</key>
			<string>&lt;group&gt;</string>
		</dict>
		<key>53B6420E1C98924E00B08F3B</key>
		<dict>
			<key>isa</key>
			<string>PBXFileReference</string>
			<key>lastKnownFileType</key>
			<string>file.storyboard</string>
			<key>name</key>
			<string>Base</string>
			<key>path</key>
			<string>Base.lproj/Main.storyboard</string>
			<key>sourceTree</key>
			<string>&lt;group&gt;</string>
		</dict>
		<key>53B6420F1C98924E00B08F3B</key>
		<dict>
			<key>fileRef</key>
			<string>53B6420D1C98924E00B08F3B</string>
			<key>isa</key>
			<string>PBXBuildFile</string>
		</dict>
		<key>53B642101C98924E00B08F3B</key>
		<dict>
			<key>isa</key>
			<string>PBXFileReference</string>
			<key>lastKnownFileType</key>
			<string>folder.assetcatalog</string>
			<key>path</key>
			<string>Assets.xcassets</string>
			<key>sourceTree</key>
			<string>&lt;group&gt;</string>
		</dict>
		<key>53B642111C98924E00B08F3B</key>
		<dict>
			<key>fileRef</key>
			<string>53B642101C98924E00B08F3B</string>
			<key>isa</key>
			<string>PBXBuildFile</string>
		</dict>
		<key>53B642121C98924E00B08F3B</key>
		<dict>
			<key>children</key>
			<array>
				<string>53B642131C98924E00B08F3B</string>
				<string>53BF79F41CB7C30F0070EC3E</string>
				<string>53BF7A001CB7C48A0070EC3E</string>
			</array>
			<key>isa</key>
			<string>PBXVariantGroup</string>
			<key>name</key>
			<string>LaunchScreen.storyboard</string>
			<key>sourceTree</key>
			<string>&lt;group&gt;</string>
		</dict>
		<key>53B642131C98924E00B08F3B</key>
		<dict>
			<key>isa</key>
			<string>PBXFileReference</string>
			<key>lastKnownFileType</key>
			<string>file.storyboard</string>
			<key>name</key>
			<string>Base</string>
			<key>path</key>
			<string>Base.lproj/LaunchScreen.storyboard</string>
			<key>sourceTree</key>
			<string>&lt;group&gt;</string>
		</dict>
		<key>53B642141C98924E00B08F3B</key>
		<dict>
			<key>fileRef</key>
			<string>53B642121C98924E00B08F3B</string>
			<key>isa</key>
			<string>PBXBuildFile</string>
		</dict>
		<key>53B642151C98924E00B08F3B</key>
		<dict>
			<key>isa</key>
			<string>PBXFileReference</string>
			<key>lastKnownFileType</key>
			<string>text.plist.xml</string>
			<key>path</key>
			<string>Info.plist</string>
			<key>sourceTree</key>
			<string>&lt;group&gt;</string>
		</dict>
		<key>53B642161C98924E00B08F3B</key>
		<dict>
			<key>buildActionMask</key>
			<string>2147483647</string>
			<key>files</key>
			<array>
				<string>53B6421F1C98924E00B08F3B</string>
			</array>
			<key>isa</key>
			<string>PBXSourcesBuildPhase</string>
			<key>runOnlyForDeploymentPostprocessing</key>
			<string>0</string>
		</dict>
		<key>53B642171C98924E00B08F3B</key>
		<dict>
			<key>buildActionMask</key>
			<string>2147483647</string>
			<key>files</key>
			<array>
				<string>8ABB38A4548BB8876D729FAE</string>
			</array>
			<key>isa</key>
			<string>PBXFrameworksBuildPhase</string>
			<key>runOnlyForDeploymentPostprocessing</key>
			<string>0</string>
		</dict>
		<key>53B642181C98924E00B08F3B</key>
		<dict>
			<key>buildActionMask</key>
			<string>2147483647</string>
			<key>files</key>
			<array/>
			<key>isa</key>
			<string>PBXResourcesBuildPhase</string>
			<key>runOnlyForDeploymentPostprocessing</key>
			<string>0</string>
		</dict>
		<key>53B642191C98924E00B08F3B</key>
		<dict>
			<key>buildConfigurationList</key>
			<string>53B642261C98924F00B08F3B</string>
			<key>buildPhases</key>
			<array>
				<string>45BE4419C975D7D69CA3F896</string>
				<string>53B642161C98924E00B08F3B</string>
				<string>53B642171C98924E00B08F3B</string>
				<string>53B642181C98924E00B08F3B</string>
				<string>7F1DD07B235774687F60502F</string>
				<string>A1663C6F149CEC271D51BF34</string>
			</array>
			<key>buildRules</key>
			<array/>
			<key>dependencies</key>
			<array>
				<string>53B6421C1C98924E00B08F3B</string>
			</array>
			<key>isa</key>
			<string>PBXNativeTarget</string>
			<key>name</key>
			<string>PEPTests</string>
			<key>productName</key>
			<string>PEPTests</string>
			<key>productReference</key>
			<string>53B6421A1C98924E00B08F3B</string>
			<key>productType</key>
			<string>com.apple.product-type.bundle.unit-test</string>
		</dict>
		<key>53B6421A1C98924E00B08F3B</key>
		<dict>
			<key>explicitFileType</key>
			<string>wrapper.cfbundle</string>
			<key>includeInIndex</key>
			<string>0</string>
			<key>isa</key>
			<string>PBXFileReference</string>
			<key>path</key>
			<string>PEPTests.xctest</string>
			<key>sourceTree</key>
			<string>BUILT_PRODUCTS_DIR</string>
		</dict>
		<key>53B6421B1C98924E00B08F3B</key>
		<dict>
			<key>containerPortal</key>
			<string>53B641FE1C98924E00B08F3B</string>
			<key>isa</key>
			<string>PBXContainerItemProxy</string>
			<key>proxyType</key>
			<string>1</string>
			<key>remoteGlobalIDString</key>
			<string>53B642051C98924E00B08F3B</string>
			<key>remoteInfo</key>
			<string>PEP</string>
		</dict>
		<key>53B6421C1C98924E00B08F3B</key>
		<dict>
			<key>isa</key>
			<string>PBXTargetDependency</string>
			<key>target</key>
			<string>53B642051C98924E00B08F3B</string>
			<key>targetProxy</key>
			<string>53B6421B1C98924E00B08F3B</string>
		</dict>
		<key>53B6421D1C98924E00B08F3B</key>
		<dict>
			<key>children</key>
			<array>
				<string>53B6421E1C98924E00B08F3B</string>
				<string>53B642201C98924F00B08F3B</string>
			</array>
			<key>isa</key>
			<string>PBXGroup</string>
			<key>path</key>
			<string>PEPTests</string>
			<key>sourceTree</key>
			<string>&lt;group&gt;</string>
		</dict>
		<key>53B6421E1C98924E00B08F3B</key>
		<dict>
			<key>isa</key>
			<string>PBXFileReference</string>
			<key>lastKnownFileType</key>
			<string>sourcecode.swift</string>
			<key>path</key>
			<string>PEPTests.swift</string>
			<key>sourceTree</key>
			<string>&lt;group&gt;</string>
		</dict>
		<key>53B6421F1C98924E00B08F3B</key>
		<dict>
			<key>fileRef</key>
			<string>53B6421E1C98924E00B08F3B</string>
			<key>isa</key>
			<string>PBXBuildFile</string>
		</dict>
		<key>53B642201C98924F00B08F3B</key>
		<dict>
			<key>isa</key>
			<string>PBXFileReference</string>
			<key>lastKnownFileType</key>
			<string>text.plist.xml</string>
			<key>path</key>
			<string>Info.plist</string>
			<key>sourceTree</key>
			<string>&lt;group&gt;</string>
		</dict>
		<key>53B642211C98924F00B08F3B</key>
		<dict>
			<key>buildSettings</key>
			<dict>
				<key>ALWAYS_SEARCH_USER_PATHS</key>
				<string>NO</string>
				<key>CLANG_CXX_LANGUAGE_STANDARD</key>
				<string>gnu++0x</string>
				<key>CLANG_CXX_LIBRARY</key>
				<string>libc++</string>
				<key>CLANG_ENABLE_MODULES</key>
				<string>YES</string>
				<key>CLANG_ENABLE_OBJC_ARC</key>
				<string>YES</string>
				<key>CLANG_WARN_BOOL_CONVERSION</key>
				<string>YES</string>
				<key>CLANG_WARN_CONSTANT_CONVERSION</key>
				<string>YES</string>
				<key>CLANG_WARN_DIRECT_OBJC_ISA_USAGE</key>
				<string>YES_ERROR</string>
				<key>CLANG_WARN_EMPTY_BODY</key>
				<string>YES</string>
				<key>CLANG_WARN_ENUM_CONVERSION</key>
				<string>YES</string>
				<key>CLANG_WARN_INT_CONVERSION</key>
				<string>YES</string>
				<key>CLANG_WARN_OBJC_ROOT_CLASS</key>
				<string>YES_ERROR</string>
				<key>CLANG_WARN_UNREACHABLE_CODE</key>
				<string>YES</string>
				<key>CLANG_WARN__DUPLICATE_METHOD_MATCH</key>
				<string>YES</string>
				<key>CODE_SIGN_IDENTITY[sdk=iphoneos*]</key>
				<string>iPhone Developer</string>
				<key>COPY_PHASE_STRIP</key>
				<string>NO</string>
				<key>DEBUG_INFORMATION_FORMAT</key>
				<string>dwarf</string>
				<key>ENABLE_STRICT_OBJC_MSGSEND</key>
				<string>YES</string>
				<key>ENABLE_TESTABILITY</key>
				<string>YES</string>
				<key>GCC_C_LANGUAGE_STANDARD</key>
				<string>gnu99</string>
				<key>GCC_DYNAMIC_NO_PIC</key>
				<string>NO</string>
				<key>GCC_NO_COMMON_BLOCKS</key>
				<string>YES</string>
				<key>GCC_OPTIMIZATION_LEVEL</key>
				<string>0</string>
				<key>GCC_PREPROCESSOR_DEFINITIONS</key>
				<array>
					<string>DEBUG=1</string>
					<string>$(inherited)</string>
				</array>
				<key>GCC_WARN_64_TO_32_BIT_CONVERSION</key>
				<string>YES</string>
				<key>GCC_WARN_ABOUT_RETURN_TYPE</key>
				<string>YES_ERROR</string>
				<key>GCC_WARN_UNDECLARED_SELECTOR</key>
				<string>YES</string>
				<key>GCC_WARN_UNINITIALIZED_AUTOS</key>
				<string>YES_AGGRESSIVE</string>
				<key>GCC_WARN_UNUSED_FUNCTION</key>
				<string>YES</string>
				<key>GCC_WARN_UNUSED_VARIABLE</key>
				<string>YES</string>
				<key>IPHONEOS_DEPLOYMENT_TARGET</key>
				<string>9.2</string>
				<key>MTL_ENABLE_DEBUG_INFO</key>
				<string>YES</string>
				<key>ONLY_ACTIVE_ARCH</key>
				<string>YES</string>
				<key>SDKROOT</key>
				<string>iphoneos</string>
				<key>SWIFT_OPTIMIZATION_LEVEL</key>
				<string>-Onone</string>
				<key>TARGETED_DEVICE_FAMILY</key>
				<string>1,2</string>
			</dict>
			<key>isa</key>
			<string>XCBuildConfiguration</string>
			<key>name</key>
			<string>Debug</string>
		</dict>
		<key>53B642221C98924F00B08F3B</key>
		<dict>
			<key>buildSettings</key>
			<dict>
				<key>ALWAYS_SEARCH_USER_PATHS</key>
				<string>NO</string>
				<key>CLANG_CXX_LANGUAGE_STANDARD</key>
				<string>gnu++0x</string>
				<key>CLANG_CXX_LIBRARY</key>
				<string>libc++</string>
				<key>CLANG_ENABLE_MODULES</key>
				<string>YES</string>
				<key>CLANG_ENABLE_OBJC_ARC</key>
				<string>YES</string>
				<key>CLANG_WARN_BOOL_CONVERSION</key>
				<string>YES</string>
				<key>CLANG_WARN_CONSTANT_CONVERSION</key>
				<string>YES</string>
				<key>CLANG_WARN_DIRECT_OBJC_ISA_USAGE</key>
				<string>YES_ERROR</string>
				<key>CLANG_WARN_EMPTY_BODY</key>
				<string>YES</string>
				<key>CLANG_WARN_ENUM_CONVERSION</key>
				<string>YES</string>
				<key>CLANG_WARN_INT_CONVERSION</key>
				<string>YES</string>
				<key>CLANG_WARN_OBJC_ROOT_CLASS</key>
				<string>YES_ERROR</string>
				<key>CLANG_WARN_UNREACHABLE_CODE</key>
				<string>YES</string>
				<key>CLANG_WARN__DUPLICATE_METHOD_MATCH</key>
				<string>YES</string>
				<key>CODE_SIGN_IDENTITY[sdk=iphoneos*]</key>
				<string>iPhone Developer</string>
				<key>COPY_PHASE_STRIP</key>
				<string>NO</string>
				<key>DEBUG_INFORMATION_FORMAT</key>
				<string>dwarf-with-dsym</string>
				<key>ENABLE_NS_ASSERTIONS</key>
				<string>NO</string>
				<key>ENABLE_STRICT_OBJC_MSGSEND</key>
				<string>YES</string>
				<key>GCC_C_LANGUAGE_STANDARD</key>
				<string>gnu99</string>
				<key>GCC_NO_COMMON_BLOCKS</key>
				<string>YES</string>
				<key>GCC_WARN_64_TO_32_BIT_CONVERSION</key>
				<string>YES</string>
				<key>GCC_WARN_ABOUT_RETURN_TYPE</key>
				<string>YES_ERROR</string>
				<key>GCC_WARN_UNDECLARED_SELECTOR</key>
				<string>YES</string>
				<key>GCC_WARN_UNINITIALIZED_AUTOS</key>
				<string>YES_AGGRESSIVE</string>
				<key>GCC_WARN_UNUSED_FUNCTION</key>
				<string>YES</string>
				<key>GCC_WARN_UNUSED_VARIABLE</key>
				<string>YES</string>
				<key>IPHONEOS_DEPLOYMENT_TARGET</key>
				<string>9.2</string>
				<key>MTL_ENABLE_DEBUG_INFO</key>
				<string>NO</string>
				<key>SDKROOT</key>
				<string>iphoneos</string>
				<key>TARGETED_DEVICE_FAMILY</key>
				<string>1,2</string>
				<key>VALIDATE_PRODUCT</key>
				<string>YES</string>
			</dict>
			<key>isa</key>
			<string>XCBuildConfiguration</string>
			<key>name</key>
			<string>Release</string>
		</dict>
		<key>53B642231C98924F00B08F3B</key>
		<dict>
			<key>buildConfigurations</key>
			<array>
				<string>53B642241C98924F00B08F3B</string>
				<string>53B642251C98924F00B08F3B</string>
			</array>
			<key>defaultConfigurationIsVisible</key>
			<string>0</string>
			<key>defaultConfigurationName</key>
			<string>Release</string>
			<key>isa</key>
			<string>XCConfigurationList</string>
		</dict>
		<key>53B642241C98924F00B08F3B</key>
		<dict>
			<key>baseConfigurationReference</key>
			<string>CB49CBCF8E2D9B556E63E35E</string>
			<key>buildSettings</key>
			<dict>
				<key>ASSETCATALOG_COMPILER_APPICON_NAME</key>
				<string>AppIcon</string>
				<key>CODE_SIGN_IDENTITY</key>
				<string>iPhone Developer</string>
				<key>INFOPLIST_FILE</key>
				<string>PEP/Info.plist</string>
				<key>LD_RUNPATH_SEARCH_PATHS</key>
				<string>$(inherited) @executable_path/Frameworks</string>
				<key>PRODUCT_BUNDLE_IDENTIFIER</key>
				<string>b42IN11SO.PEP</string>
				<key>PRODUCT_NAME</key>
				<string>$(TARGET_NAME)</string>
			</dict>
			<key>isa</key>
			<string>XCBuildConfiguration</string>
			<key>name</key>
			<string>Debug</string>
		</dict>
		<key>53B642251C98924F00B08F3B</key>
		<dict>
			<key>baseConfigurationReference</key>
			<string>E2290C756048B00FEED35440</string>
			<key>buildSettings</key>
			<dict>
				<key>ASSETCATALOG_COMPILER_APPICON_NAME</key>
				<string>AppIcon</string>
				<key>CODE_SIGN_IDENTITY</key>
				<string>iPhone Developer</string>
				<key>INFOPLIST_FILE</key>
				<string>PEP/Info.plist</string>
				<key>LD_RUNPATH_SEARCH_PATHS</key>
				<string>$(inherited) @executable_path/Frameworks</string>
				<key>PRODUCT_BUNDLE_IDENTIFIER</key>
				<string>b42IN11SO.PEP</string>
				<key>PRODUCT_NAME</key>
				<string>$(TARGET_NAME)</string>
			</dict>
			<key>isa</key>
			<string>XCBuildConfiguration</string>
			<key>name</key>
			<string>Release</string>
		</dict>
		<key>53B642261C98924F00B08F3B</key>
		<dict>
			<key>buildConfigurations</key>
			<array>
				<string>53B642271C98924F00B08F3B</string>
				<string>53B642281C98924F00B08F3B</string>
			</array>
			<key>defaultConfigurationIsVisible</key>
			<string>0</string>
			<key>defaultConfigurationName</key>
			<string>Release</string>
			<key>isa</key>
			<string>XCConfigurationList</string>
		</dict>
		<key>53B642271C98924F00B08F3B</key>
		<dict>
			<key>baseConfigurationReference</key>
			<string>85AC405D25D6F0E92A9C48CB</string>
			<key>buildSettings</key>
			<dict>
				<key>BUNDLE_LOADER</key>
				<string>$(TEST_HOST)</string>
				<key>INFOPLIST_FILE</key>
				<string>PEPTests/Info.plist</string>
				<key>LD_RUNPATH_SEARCH_PATHS</key>
				<string>$(inherited) @executable_path/Frameworks @loader_path/Frameworks</string>
				<key>PRODUCT_BUNDLE_IDENTIFIER</key>
				<string>-2IN11SOb.PEPTests</string>
				<key>PRODUCT_NAME</key>
				<string>$(TARGET_NAME)</string>
				<key>TEST_HOST</key>
				<string>$(BUILT_PRODUCTS_DIR)/PEP.app/PEP</string>
			</dict>
			<key>isa</key>
			<string>XCBuildConfiguration</string>
			<key>name</key>
			<string>Debug</string>
		</dict>
		<key>53B642281C98924F00B08F3B</key>
		<dict>
			<key>baseConfigurationReference</key>
			<string>9AE4AE2AC366155F9BB1336F</string>
			<key>buildSettings</key>
			<dict>
				<key>BUNDLE_LOADER</key>
				<string>$(TEST_HOST)</string>
				<key>INFOPLIST_FILE</key>
				<string>PEPTests/Info.plist</string>
				<key>LD_RUNPATH_SEARCH_PATHS</key>
				<string>$(inherited) @executable_path/Frameworks @loader_path/Frameworks</string>
				<key>PRODUCT_BUNDLE_IDENTIFIER</key>
				<string>-2IN11SOb.PEPTests</string>
				<key>PRODUCT_NAME</key>
				<string>$(TARGET_NAME)</string>
				<key>TEST_HOST</key>
				<string>$(BUILT_PRODUCTS_DIR)/PEP.app/PEP</string>
			</dict>
			<key>isa</key>
			<string>XCBuildConfiguration</string>
			<key>name</key>
			<string>Release</string>
		</dict>
		<key>53B642291C989BA100B08F3B</key>
		<dict>
			<key>fileEncoding</key>
			<string>4</string>
			<key>isa</key>
			<string>PBXFileReference</string>
			<key>lastKnownFileType</key>
			<string>sourcecode.swift</string>
			<key>path</key>
			<string>MainController.swift</string>
			<key>sourceTree</key>
			<string>&lt;group&gt;</string>
		</dict>
		<key>53B6422A1C989BA100B08F3B</key>
		<dict>
			<key>fileRef</key>
			<string>53B642291C989BA100B08F3B</string>
			<key>isa</key>
			<string>PBXBuildFile</string>
		</dict>
		<key>53B6422B1C98BF3300B08F3B</key>
		<dict>
			<key>fileEncoding</key>
			<string>4</string>
			<key>isa</key>
			<string>PBXFileReference</string>
			<key>lastKnownFileType</key>
			<string>sourcecode.swift</string>
			<key>path</key>
			<string>settings.swift</string>
			<key>sourceTree</key>
			<string>&lt;group&gt;</string>
		</dict>
		<key>53B6422C1C98BF3300B08F3B</key>
		<dict>
			<key>fileRef</key>
			<string>53B6422B1C98BF3300B08F3B</string>
			<key>isa</key>
			<string>PBXBuildFile</string>
		</dict>
		<key>53BF79F01CB79F0C0070EC3E</key>
		<dict>
			<key>children</key>
			<array>
				<string>5334ED091CA95C0800C16912</string>
				<string>536C65301CD212E100946003</string>
				<string>53B642291C989BA100B08F3B</string>
				<string>5396D0EA1C9B07960010B3E1</string>
				<string>5396D0EB1C9B07A50010B3E1</string>
				<string>5396D0E91C9B076E0010B3E1</string>
				<string>5206C4151CA2A0F7005BCAC1</string>
			</array>
			<key>isa</key>
			<string>PBXGroup</string>
			<key>name</key>
			<string>controllers</string>
			<key>sourceTree</key>
			<string>&lt;group&gt;</string>
		</dict>
		<key>53BF79F11CB79FBC0070EC3E</key>
		<dict>
			<key>fileEncoding</key>
			<string>4</string>
			<key>isa</key>
			<string>PBXFileReference</string>
			<key>lastKnownFileType</key>
			<string>sourcecode.swift</string>
			<key>path</key>
			<string>user.swift</string>
			<key>sourceTree</key>
			<string>&lt;group&gt;</string>
		</dict>
		<key>53BF79F21CB79FBC0070EC3E</key>
		<dict>
			<key>fileRef</key>
			<string>53BF79F11CB79FBC0070EC3E</string>
			<key>isa</key>
			<string>PBXBuildFile</string>
		</dict>
		<key>53BF79F31CB7C30F0070EC3E</key>
		<dict>
			<key>isa</key>
			<string>PBXFileReference</string>
			<key>lastKnownFileType</key>
			<string>text.plist.strings</string>
			<key>name</key>
			<string>nl</string>
			<key>path</key>
			<string>nl.lproj/Main.strings</string>
			<key>sourceTree</key>
			<string>&lt;group&gt;</string>
		</dict>
		<key>53BF79F41CB7C30F0070EC3E</key>
		<dict>
			<key>isa</key>
			<string>PBXFileReference</string>
			<key>lastKnownFileType</key>
			<string>text.plist.strings</string>
			<key>name</key>
			<string>nl</string>
			<key>path</key>
			<string>nl.lproj/LaunchScreen.strings</string>
			<key>sourceTree</key>
			<string>&lt;group&gt;</string>
		</dict>
		<key>53BF79F51CB7C3A30070EC3E</key>
		<dict>
			<key>children</key>
			<array>
				<string>53BF79FA1CB7C41B0070EC3E</string>
			</array>
			<key>isa</key>
			<string>PBXGroup</string>
			<key>name</key>
			<string>Supporting Files</string>
			<key>sourceTree</key>
			<string>&lt;group&gt;</string>
		</dict>
		<key>53BF79F81CB7C41B0070EC3E</key>
		<dict>
			<key>fileRef</key>
			<string>53BF79FA1CB7C41B0070EC3E</string>
			<key>isa</key>
			<string>PBXBuildFile</string>
		</dict>
		<key>53BF79F91CB7C41B0070EC3E</key>
		<dict>
			<key>isa</key>
			<string>PBXFileReference</string>
			<key>lastKnownFileType</key>
			<string>text.plist.strings</string>
			<key>name</key>
			<string>en</string>
			<key>path</key>
			<string>en.lproj/Localizable.strings</string>
			<key>sourceTree</key>
			<string>&lt;group&gt;</string>
		</dict>
		<key>53BF79FA1CB7C41B0070EC3E</key>
		<dict>
			<key>children</key>
			<array>
				<string>53BF79F91CB7C41B0070EC3E</string>
				<string>53BF79FB1CB7C4210070EC3E</string>
				<string>53BF79FC1CB7C4250070EC3E</string>
			</array>
			<key>isa</key>
			<string>PBXVariantGroup</string>
			<key>name</key>
			<string>Localizable.strings</string>
			<key>sourceTree</key>
			<string>&lt;group&gt;</string>
		</dict>
		<key>53BF79FB1CB7C4210070EC3E</key>
		<dict>
			<key>isa</key>
			<string>PBXFileReference</string>
			<key>lastKnownFileType</key>
			<string>text.plist.strings</string>
			<key>name</key>
			<string>nl</string>
			<key>path</key>
			<string>nl.lproj/Localizable.strings</string>
			<key>sourceTree</key>
			<string>&lt;group&gt;</string>
		</dict>
		<key>53BF79FC1CB7C4250070EC3E</key>
		<dict>
			<key>isa</key>
			<string>PBXFileReference</string>
			<key>lastKnownFileType</key>
			<string>text.plist.strings</string>
			<key>name</key>
			<string>Base</string>
			<key>path</key>
			<string>Base.lproj/Localizable.strings</string>
			<key>sourceTree</key>
			<string>&lt;group&gt;</string>
		</dict>
		<key>53BF79FE1CB7C4800070EC3E</key>
		<dict>
			<key>isa</key>
			<string>PBXFileReference</string>
			<key>lastKnownFileType</key>
			<string>text.plist.strings</string>
			<key>name</key>
			<string>en</string>
			<key>path</key>
			<string>en.lproj/Main.strings</string>
			<key>sourceTree</key>
			<string>&lt;group&gt;</string>
		</dict>
		<key>53BF7A001CB7C48A0070EC3E</key>
		<dict>
			<key>isa</key>
			<string>PBXFileReference</string>
			<key>lastKnownFileType</key>
			<string>text.plist.strings</string>
			<key>name</key>
			<string>en</string>
			<key>path</key>
			<string>en.lproj/LaunchScreen.strings</string>
			<key>sourceTree</key>
			<string>&lt;group&gt;</string>
		</dict>
		<key>53C6FE361CCFBE720008652B</key>
		<dict>
			<key>fileEncoding</key>
			<string>4</string>
			<key>isa</key>
			<string>PBXFileReference</string>
			<key>lastKnownFileType</key>
			<string>sourcecode.swift</string>
			<key>path</key>
			<string>Passport.swift</string>
			<key>sourceTree</key>
			<string>&lt;group&gt;</string>
		</dict>
		<key>53C6FE371CCFBE720008652B</key>
		<dict>
			<key>fileRef</key>
			<string>53C6FE361CCFBE720008652B</string>
			<key>isa</key>
			<string>PBXBuildFile</string>
		</dict>
		<key>582E5CE75C8462705154D978</key>
		<dict>
			<key>explicitFileType</key>
			<string>wrapper.framework</string>
			<key>includeInIndex</key>
			<string>0</string>
			<key>isa</key>
			<string>PBXFileReference</string>
			<key>path</key>
			<string>Pods_PEP.framework</string>
			<key>sourceTree</key>
			<string>BUILT_PRODUCTS_DIR</string>
		</dict>
		<key>5832BE776958DC47746CA168</key>
		<dict>
			<key>children</key>
			<array>
				<string>582E5CE75C8462705154D978</string>
				<string>9BCB3DD6DDD3C1C1B16460E4</string>
			</array>
			<key>isa</key>
			<string>PBXGroup</string>
			<key>name</key>
			<string>Frameworks</string>
			<key>sourceTree</key>
			<string>&lt;group&gt;</string>
		</dict>
		<key>6CE92AD9C473348D6F012728</key>
		<dict>
			<key>children</key>
			<array>
				<string>CB49CBCF8E2D9B556E63E35E</string>
				<string>E2290C756048B00FEED35440</string>
				<string>85AC405D25D6F0E92A9C48CB</string>
				<string>9AE4AE2AC366155F9BB1336F</string>
			</array>
			<key>isa</key>
			<string>PBXGroup</string>
			<key>name</key>
			<string>Pods</string>
			<key>sourceTree</key>
			<string>&lt;group&gt;</string>
		</dict>
		<key>76842F69E0A5E7F298BB2360</key>
		<dict>
			<key>fileRef</key>
			<string>582E5CE75C8462705154D978</string>
			<key>isa</key>
			<string>PBXBuildFile</string>
		</dict>
		<key>7F1DD07B235774687F60502F</key>
		<dict>
			<key>buildActionMask</key>
			<string>2147483647</string>
			<key>files</key>
			<array/>
			<key>inputPaths</key>
			<array/>
			<key>isa</key>
			<string>PBXShellScriptBuildPhase</string>
			<key>name</key>
			<string>Embed Pods Frameworks</string>
			<key>outputPaths</key>
			<array/>
			<key>runOnlyForDeploymentPostprocessing</key>
			<string>0</string>
			<key>shellPath</key>
			<string>/bin/sh</string>
			<key>shellScript</key>
			<string>"${SRCROOT}/Pods/Target Support Files/Pods-PEPTests/Pods-PEPTests-frameworks.sh"
</string>
			<key>showEnvVarsInLog</key>
			<string>0</string>
		</dict>
		<key>85AC405D25D6F0E92A9C48CB</key>
		<dict>
			<key>includeInIndex</key>
			<string>1</string>
			<key>isa</key>
			<string>PBXFileReference</string>
			<key>lastKnownFileType</key>
			<string>text.xcconfig</string>
			<key>name</key>
			<string>Pods-PEPTests.debug.xcconfig</string>
			<key>path</key>
			<string>Pods/Target Support Files/Pods-PEPTests/Pods-PEPTests.debug.xcconfig</string>
			<key>sourceTree</key>
			<string>&lt;group&gt;</string>
		</dict>
		<key>8ABB38A4548BB8876D729FAE</key>
		<dict>
			<key>fileRef</key>
			<string>9BCB3DD6DDD3C1C1B16460E4</string>
			<key>isa</key>
			<string>PBXBuildFile</string>
		</dict>
		<key>9AE4AE2AC366155F9BB1336F</key>
		<dict>
			<key>includeInIndex</key>
			<string>1</string>
			<key>isa</key>
			<string>PBXFileReference</string>
			<key>lastKnownFileType</key>
			<string>text.xcconfig</string>
			<key>name</key>
			<string>Pods-PEPTests.release.xcconfig</string>
			<key>path</key>
			<string>Pods/Target Support Files/Pods-PEPTests/Pods-PEPTests.release.xcconfig</string>
			<key>sourceTree</key>
			<string>&lt;group&gt;</string>
		</dict>
		<key>9BCB3DD6DDD3C1C1B16460E4</key>
		<dict>
			<key>explicitFileType</key>
			<string>wrapper.framework</string>
			<key>includeInIndex</key>
			<string>0</string>
			<key>isa</key>
			<string>PBXFileReference</string>
			<key>path</key>
			<string>Pods_PEPTests.framework</string>
			<key>sourceTree</key>
			<string>BUILT_PRODUCTS_DIR</string>
		</dict>
		<key>A1663C6F149CEC271D51BF34</key>
		<dict>
			<key>buildActionMask</key>
			<string>2147483647</string>
			<key>files</key>
			<array/>
			<key>inputPaths</key>
			<array/>
			<key>isa</key>
			<string>PBXShellScriptBuildPhase</string>
			<key>name</key>
			<string>Copy Pods Resources</string>
			<key>outputPaths</key>
			<array/>
			<key>runOnlyForDeploymentPostprocessing</key>
			<string>0</string>
			<key>shellPath</key>
			<string>/bin/sh</string>
			<key>shellScript</key>
			<string>"${SRCROOT}/Pods/Target Support Files/Pods-PEPTests/Pods-PEPTests-resources.sh"
</string>
			<key>showEnvVarsInLog</key>
			<string>0</string>
		</dict>
		<key>B1F8F250DE34282519331A7F</key>
		<dict>
			<key>buildActionMask</key>
			<string>2147483647</string>
			<key>files</key>
			<array/>
			<key>inputPaths</key>
			<array/>
			<key>isa</key>
			<string>PBXShellScriptBuildPhase</string>
			<key>name</key>
			<string>Copy Pods Resources</string>
			<key>outputPaths</key>
			<array/>
			<key>runOnlyForDeploymentPostprocessing</key>
			<string>0</string>
			<key>shellPath</key>
			<string>/bin/sh</string>
			<key>shellScript</key>
			<string>"${SRCROOT}/Pods/Target Support Files/Pods-PEP/Pods-PEP-resources.sh"
</string>
			<key>showEnvVarsInLog</key>
			<string>0</string>
		</dict>
		<key>CB49CBCF8E2D9B556E63E35E</key>
		<dict>
			<key>includeInIndex</key>
			<string>1</string>
			<key>isa</key>
			<string>PBXFileReference</string>
			<key>lastKnownFileType</key>
			<string>text.xcconfig</string>
			<key>name</key>
			<string>Pods-PEP.debug.xcconfig</string>
			<key>path</key>
			<string>Pods/Target Support Files/Pods-PEP/Pods-PEP.debug.xcconfig</string>
			<key>sourceTree</key>
			<string>&lt;group&gt;</string>
		</dict>
		<key>E2290C756048B00FEED35440</key>
		<dict>
			<key>includeInIndex</key>
			<string>1</string>
			<key>isa</key>
			<string>PBXFileReference</string>
			<key>lastKnownFileType</key>
			<string>text.xcconfig</string>
			<key>name</key>
			<string>Pods-PEP.release.xcconfig</string>
			<key>path</key>
			<string>Pods/Target Support Files/Pods-PEP/Pods-PEP.release.xcconfig</string>
			<key>sourceTree</key>
			<string>&lt;group&gt;</string>
		</dict>
		<key>FC0786AD3BB4C08F4995BF93</key>
		<dict>
			<key>buildActionMask</key>
			<string>2147483647</string>
			<key>files</key>
			<array/>
			<key>inputPaths</key>
			<array/>
			<key>isa</key>
			<string>PBXShellScriptBuildPhase</string>
			<key>name</key>
			<string>Check Pods Manifest.lock</string>
			<key>outputPaths</key>
			<array/>
			<key>runOnlyForDeploymentPostprocessing</key>
			<string>0</string>
			<key>shellPath</key>
			<string>/bin/sh</string>
			<key>shellScript</key>
			<string>diff "${PODS_ROOT}/../Podfile.lock" "${PODS_ROOT}/Manifest.lock" &gt; /dev/null
if [[ $? != 0 ]] ; then
    cat &lt;&lt; EOM
error: The sandbox is not in sync with the Podfile.lock. Run 'pod install' or update your CocoaPods installation.
EOM
    exit 1
fi
</string>
			<key>showEnvVarsInLog</key>
			<string>0</string>
		</dict>
	</dict>
	<key>rootObject</key>
	<string>53B641FE1C98924E00B08F3B</string>
</dict>
</plist>
