// !$*UTF8*$!
{
	archiveVersion = 1;
	classes = {
	};
	objectVersion = 46;
	objects = {

/* Begin PBXBuildFile section */
		5206C4171CA2A11F005BCAC1 /* InformationViewController.swift in Sources */ = {isa = PBXBuildFile; fileRef = 5206C4161CA2A11F005BCAC1 /* InformationViewController.swift */; };
		52EF8B2B1CC4355200D00E40 /* pepIcon-60@2x.png in Resources */ = {isa = PBXBuildFile; fileRef = 52EF8B211CC4355200D00E40 /* pepIcon-60@2x.png */; };
		52EF8B2C1CC4355200D00E40 /* pepIcon-60@3x.png in Resources */ = {isa = PBXBuildFile; fileRef = 52EF8B221CC4355200D00E40 /* pepIcon-60@3x.png */; };
		52EF8B2D1CC4355200D00E40 /* pepIcon-76.png in Resources */ = {isa = PBXBuildFile; fileRef = 52EF8B231CC4355200D00E40 /* pepIcon-76.png */; };
		52EF8B2E1CC4355200D00E40 /* pepIcon-76@2x.png in Resources */ = {isa = PBXBuildFile; fileRef = 52EF8B241CC4355200D00E40 /* pepIcon-76@2x.png */; };
		52EF8B2F1CC4355200D00E40 /* pepIcon-Small-40.png in Resources */ = {isa = PBXBuildFile; fileRef = 52EF8B251CC4355200D00E40 /* pepIcon-Small-40.png */; };
		52EF8B301CC4355200D00E40 /* pepIcon-Small-40@2x.png in Resources */ = {isa = PBXBuildFile; fileRef = 52EF8B261CC4355200D00E40 /* pepIcon-Small-40@2x.png */; };
		52EF8B311CC4355200D00E40 /* pepIcon-Small-40@3x.png in Resources */ = {isa = PBXBuildFile; fileRef = 52EF8B271CC4355200D00E40 /* pepIcon-Small-40@3x.png */; };
		52EF8B321CC4355200D00E40 /* pepIcon-Small.png in Resources */ = {isa = PBXBuildFile; fileRef = 52EF8B281CC4355200D00E40 /* pepIcon-Small.png */; };
		52EF8B331CC4355200D00E40 /* pepIcon-Small@2x.png in Resources */ = {isa = PBXBuildFile; fileRef = 52EF8B291CC4355200D00E40 /* pepIcon-Small@2x.png */; };
		52EF8B341CC4355200D00E40 /* pepIcon-Small@3x.png in Resources */ = {isa = PBXBuildFile; fileRef = 52EF8B2A1CC4355200D00E40 /* pepIcon-Small@3x.png */; };
		532272D11CC677D6009A412E /* ColorViewController.swift in Sources */ = {isa = PBXBuildFile; fileRef = 532272D01CC677D6009A412E /* ColorViewController.swift */; };
		532272D31CC677F0009A412E /* ColorTableViewController.swift in Sources */ = {isa = PBXBuildFile; fileRef = 532272D21CC677F0009A412E /* ColorTableViewController.swift */; };
		532272D51CC67808009A412E /* StyleViewController.swift in Sources */ = {isa = PBXBuildFile; fileRef = 532272D41CC67808009A412E /* StyleViewController.swift */; };
		532272D71CC67AB3009A412E /* PassportColor.swift in Sources */ = {isa = PBXBuildFile; fileRef = 532272D61CC67AB3009A412E /* PassportColor.swift */; };
		532272DB1CC6808B009A412E /* ColorTableCell.swift in Sources */ = {isa = PBXBuildFile; fileRef = 532272DA1CC6808B009A412E /* ColorTableCell.swift */; };
		532362521CE7600100E67968 /* CVWrapper.mm in Sources */ = {isa = PBXBuildFile; fileRef = 532362511CE7600100E67968 /* CVWrapper.mm */; };
		532362561CE760B100E67968 /* stitching.cpp in Sources */ = {isa = PBXBuildFile; fileRef = 532362541CE760B000E67968 /* stitching.cpp */; };
		532362581CE7616400E67968 /* UIImage+OpenCV.mm in Sources */ = {isa = PBXBuildFile; fileRef = 532362571CE7616400E67968 /* UIImage+OpenCV.mm */; };
		5325AC721CD34C97004AC6A3 /* Figure.swift in Sources */ = {isa = PBXBuildFile; fileRef = 5325AC711CD34C97004AC6A3 /* Figure.swift */; };
		5325AC741CD34CA2004AC6A3 /* FigureRules.swift in Sources */ = {isa = PBXBuildFile; fileRef = 5325AC731CD34CA2004AC6A3 /* FigureRules.swift */; };
		5325AC761CD34CEF004AC6A3 /* MakeUp.swift in Sources */ = {isa = PBXBuildFile; fileRef = 5325AC751CD34CEF004AC6A3 /* MakeUp.swift */; };
		5325AC781CD35838004AC6A3 /* DatabaseController.swift in Sources */ = {isa = PBXBuildFile; fileRef = 5325AC771CD35838004AC6A3 /* DatabaseController.swift */; };
		5334ED0A1CA95C0800C16912 /* LoginViewController.swift in Sources */ = {isa = PBXBuildFile; fileRef = 5334ED091CA95C0800C16912 /* LoginViewController.swift */; };
		533812D31CC7AD5600C9AE30 /* ColorPageViewController.swift in Sources */ = {isa = PBXBuildFile; fileRef = 533812D21CC7AD5600C9AE30 /* ColorPageViewController.swift */; };
		533CF0821CA085A400A1EC05 /* splash_bottomrightcorner.png in Resources */ = {isa = PBXBuildFile; fileRef = 533CF0801CA085A400A1EC05 /* splash_bottomrightcorner.png */; };
		533CF0831CA085A400A1EC05 /* splash_topleftcorner.png in Resources */ = {isa = PBXBuildFile; fileRef = 533CF0811CA085A400A1EC05 /* splash_topleftcorner.png */; };
		53512D361CA2ACFD00E81676 /* more_icon.png in Resources */ = {isa = PBXBuildFile; fileRef = 53512D321CA2ACFD00E81676 /* more_icon.png */; };
		53512D371CA2ACFD00E81676 /* pass_icon.png in Resources */ = {isa = PBXBuildFile; fileRef = 53512D331CA2ACFD00E81676 /* pass_icon.png */; };
		53512D381CA2ACFD00E81676 /* settings_icon.png in Resources */ = {isa = PBXBuildFile; fileRef = 53512D341CA2ACFD00E81676 /* settings_icon.png */; };
		53512D391CA2ACFD00E81676 /* scan_icon.png in Resources */ = {isa = PBXBuildFile; fileRef = 53512D351CA2ACFD00E81676 /* scan_icon.png */; };
		53512D3E1CA2BC2900E81676 /* Roboto-Bold.ttf in Resources */ = {isa = PBXBuildFile; fileRef = 53512D3B1CA2BC2900E81676 /* Roboto-Bold.ttf */; };
		53512D3F1CA2BC2900E81676 /* Roboto-Italic.ttf in Resources */ = {isa = PBXBuildFile; fileRef = 53512D3C1CA2BC2900E81676 /* Roboto-Italic.ttf */; };
		53512D401CA2BC2900E81676 /* Roboto-Regular.ttf in Resources */ = {isa = PBXBuildFile; fileRef = 53512D3D1CA2BC2900E81676 /* Roboto-Regular.ttf */; };
		536C65311CD212E100946003 /* RequestController.swift in Sources */ = {isa = PBXBuildFile; fileRef = 536C65301CD212E100946003 /* RequestController.swift */; };
		5396D0E61C9B074B0010B3E1 /* SettingsViewController.swift in Sources */ = {isa = PBXBuildFile; fileRef = 5396D0E51C9B074B0010B3E1 /* SettingsViewController.swift */; };
		5396D0E81C9B07670010B3E1 /* PassportViewController.swift in Sources */ = {isa = PBXBuildFile; fileRef = 5396D0E71C9B07670010B3E1 /* PassportViewController.swift */; };
		53B6420A1C98924E00B08F3B /* AppDelegate.swift in Sources */ = {isa = PBXBuildFile; fileRef = 53B642091C98924E00B08F3B /* AppDelegate.swift */; };
		53B6420C1C98924E00B08F3B /* ScanViewController.swift in Sources */ = {isa = PBXBuildFile; fileRef = 53B6420B1C98924E00B08F3B /* ScanViewController.swift */; };
		53B6420F1C98924E00B08F3B /* Main.storyboard in Resources */ = {isa = PBXBuildFile; fileRef = 53B6420D1C98924E00B08F3B /* Main.storyboard */; };
		53B642111C98924E00B08F3B /* Assets.xcassets in Resources */ = {isa = PBXBuildFile; fileRef = 53B642101C98924E00B08F3B /* Assets.xcassets */; };
		53B642141C98924E00B08F3B /* LaunchScreen.storyboard in Resources */ = {isa = PBXBuildFile; fileRef = 53B642121C98924E00B08F3B /* LaunchScreen.storyboard */; };
		53B6421F1C98924E00B08F3B /* PEPTests.swift in Sources */ = {isa = PBXBuildFile; fileRef = 53B6421E1C98924E00B08F3B /* PEPTests.swift */; };
		53B6422A1C989BA100B08F3B /* MainController.swift in Sources */ = {isa = PBXBuildFile; fileRef = 53B642291C989BA100B08F3B /* MainController.swift */; };
		53B6422C1C98BF3300B08F3B /* settings.swift in Sources */ = {isa = PBXBuildFile; fileRef = 53B6422B1C98BF3300B08F3B /* settings.swift */; };
		53BF79F21CB79FBC0070EC3E /* user.swift in Sources */ = {isa = PBXBuildFile; fileRef = 53BF79F11CB79FBC0070EC3E /* user.swift */; };
		53BF79F81CB7C41B0070EC3E /* Localizable.strings in Resources */ = {isa = PBXBuildFile; fileRef = 53BF79FA1CB7C41B0070EC3E /* Localizable.strings */; };
		53C6FE371CCFBE720008652B /* Passport.swift in Sources */ = {isa = PBXBuildFile; fileRef = 53C6FE361CCFBE720008652B /* Passport.swift */; };
		53CFA0BD1CE31E480090C9B5 /* person_style_icon.png in Resources */ = {isa = PBXBuildFile; fileRef = 53CFA0BB1CE31E480090C9B5 /* person_style_icon.png */; };
		53CFA0BE1CE31E480090C9B5 /* colors_icon.png in Resources */ = {isa = PBXBuildFile; fileRef = 53CFA0BC1CE31E480090C9B5 /* colors_icon.png */; };
		76842F69E0A5E7F298BB2360 /* Pods_PEP.framework in Frameworks */ = {isa = PBXBuildFile; fileRef = 582E5CE75C8462705154D978 /* Pods_PEP.framework */; };
		8ABB38A4548BB8876D729FAE /* Pods_PEPTests.framework in Frameworks */ = {isa = PBXBuildFile; fileRef = 9BCB3DD6DDD3C1C1B16460E4 /* Pods_PEPTests.framework */; };
/* End PBXBuildFile section */

/* Begin PBXContainerItemProxy section */
		53B6421B1C98924E00B08F3B /* PBXContainerItemProxy */ = {
			isa = PBXContainerItemProxy;
			containerPortal = 53B641FE1C98924E00B08F3B /* Project object */;
			proxyType = 1;
			remoteGlobalIDString = 53B642051C98924E00B08F3B;
			remoteInfo = PEP;
		};
/* End PBXContainerItemProxy section */

/* Begin PBXFileReference section */
		5206C4161CA2A11F005BCAC1 /* InformationViewController.swift */ = {isa = PBXFileReference; fileEncoding = 4; lastKnownFileType = sourcecode.swift; path = InformationViewController.swift; sourceTree = "<group>"; };
		520922A11CD388C9008B6724 /* PEP-Bridging-Header.h */ = {isa = PBXFileReference; lastKnownFileType = sourcecode.c.h; path = "PEP-Bridging-Header.h"; sourceTree = "<group>"; };
		52EF8B211CC4355200D00E40 /* pepIcon-60@2x.png */ = {isa = PBXFileReference; lastKnownFileType = image.png; path = "pepIcon-60@2x.png"; sourceTree = "<group>"; };
		52EF8B221CC4355200D00E40 /* pepIcon-60@3x.png */ = {isa = PBXFileReference; lastKnownFileType = image.png; path = "pepIcon-60@3x.png"; sourceTree = "<group>"; };
		52EF8B231CC4355200D00E40 /* pepIcon-76.png */ = {isa = PBXFileReference; lastKnownFileType = image.png; path = "pepIcon-76.png"; sourceTree = "<group>"; };
		52EF8B241CC4355200D00E40 /* pepIcon-76@2x.png */ = {isa = PBXFileReference; lastKnownFileType = image.png; path = "pepIcon-76@2x.png"; sourceTree = "<group>"; };
		52EF8B251CC4355200D00E40 /* pepIcon-Small-40.png */ = {isa = PBXFileReference; lastKnownFileType = image.png; path = "pepIcon-Small-40.png"; sourceTree = "<group>"; };
		52EF8B261CC4355200D00E40 /* pepIcon-Small-40@2x.png */ = {isa = PBXFileReference; lastKnownFileType = image.png; path = "pepIcon-Small-40@2x.png"; sourceTree = "<group>"; };
		52EF8B271CC4355200D00E40 /* pepIcon-Small-40@3x.png */ = {isa = PBXFileReference; lastKnownFileType = image.png; path = "pepIcon-Small-40@3x.png"; sourceTree = "<group>"; };
		52EF8B281CC4355200D00E40 /* pepIcon-Small.png */ = {isa = PBXFileReference; lastKnownFileType = image.png; path = "pepIcon-Small.png"; sourceTree = "<group>"; };
		52EF8B291CC4355200D00E40 /* pepIcon-Small@2x.png */ = {isa = PBXFileReference; lastKnownFileType = image.png; path = "pepIcon-Small@2x.png"; sourceTree = "<group>"; };
		52EF8B2A1CC4355200D00E40 /* pepIcon-Small@3x.png */ = {isa = PBXFileReference; lastKnownFileType = image.png; path = "pepIcon-Small@3x.png"; sourceTree = "<group>"; };
		532272D01CC677D6009A412E /* ColorViewController.swift */ = {isa = PBXFileReference; fileEncoding = 4; lastKnownFileType = sourcecode.swift; path = ColorViewController.swift; sourceTree = "<group>"; };
		532272D21CC677F0009A412E /* ColorTableViewController.swift */ = {isa = PBXFileReference; fileEncoding = 4; lastKnownFileType = sourcecode.swift; path = ColorTableViewController.swift; sourceTree = "<group>"; };
		532272D41CC67808009A412E /* StyleViewController.swift */ = {isa = PBXFileReference; fileEncoding = 4; lastKnownFileType = sourcecode.swift; path = StyleViewController.swift; sourceTree = "<group>"; };
		532272D61CC67AB3009A412E /* PassportColor.swift */ = {isa = PBXFileReference; fileEncoding = 4; lastKnownFileType = sourcecode.swift; path = PassportColor.swift; sourceTree = "<group>"; };
		532272DA1CC6808B009A412E /* ColorTableCell.swift */ = {isa = PBXFileReference; fileEncoding = 4; lastKnownFileType = sourcecode.swift; path = ColorTableCell.swift; sourceTree = "<group>"; };
		532362501CE75FDA00E67968 /* CVWrapper.h */ = {isa = PBXFileReference; lastKnownFileType = sourcecode.c.h; path = CVWrapper.h; sourceTree = "<group>"; };
		532362511CE7600100E67968 /* CVWrapper.mm */ = {isa = PBXFileReference; fileEncoding = 4; lastKnownFileType = sourcecode.cpp.objcpp; path = CVWrapper.mm; sourceTree = "<group>"; };
		532362531CE7608100E67968 /* stitching.h */ = {isa = PBXFileReference; lastKnownFileType = sourcecode.c.h; path = stitching.h; sourceTree = "<group>"; };
		532362541CE760B000E67968 /* stitching.cpp */ = {isa = PBXFileReference; fileEncoding = 4; lastKnownFileType = sourcecode.cpp.cpp; path = stitching.cpp; sourceTree = "<group>"; };
		532362571CE7616400E67968 /* UIImage+OpenCV.mm */ = {isa = PBXFileReference; fileEncoding = 4; lastKnownFileType = sourcecode.cpp.objcpp; path = "UIImage+OpenCV.mm"; sourceTree = "<group>"; };
		532362591CE7617B00E67968 /* UIImage+OpenCV.h */ = {isa = PBXFileReference; lastKnownFileType = sourcecode.c.h; path = "UIImage+OpenCV.h"; sourceTree = "<group>"; };
		5325AC711CD34C97004AC6A3 /* Figure.swift */ = {isa = PBXFileReference; fileEncoding = 4; lastKnownFileType = sourcecode.swift; path = Figure.swift; sourceTree = "<group>"; };
		5325AC731CD34CA2004AC6A3 /* FigureRules.swift */ = {isa = PBXFileReference; fileEncoding = 4; lastKnownFileType = sourcecode.swift; path = FigureRules.swift; sourceTree = "<group>"; };
		5325AC751CD34CEF004AC6A3 /* MakeUp.swift */ = {isa = PBXFileReference; fileEncoding = 4; lastKnownFileType = sourcecode.swift; path = MakeUp.swift; sourceTree = "<group>"; };
		5325AC771CD35838004AC6A3 /* DatabaseController.swift */ = {isa = PBXFileReference; fileEncoding = 4; lastKnownFileType = sourcecode.swift; path = DatabaseController.swift; sourceTree = "<group>"; };
		5334ED091CA95C0800C16912 /* LoginViewController.swift */ = {isa = PBXFileReference; fileEncoding = 4; lastKnownFileType = sourcecode.swift; path = LoginViewController.swift; sourceTree = "<group>"; };
		533812D21CC7AD5600C9AE30 /* ColorPageViewController.swift */ = {isa = PBXFileReference; fileEncoding = 4; lastKnownFileType = sourcecode.swift; path = ColorPageViewController.swift; sourceTree = "<group>"; };
		533CF0801CA085A400A1EC05 /* splash_bottomrightcorner.png */ = {isa = PBXFileReference; lastKnownFileType = image.png; path = splash_bottomrightcorner.png; sourceTree = "<group>"; };
		533CF0811CA085A400A1EC05 /* splash_topleftcorner.png */ = {isa = PBXFileReference; lastKnownFileType = image.png; path = splash_topleftcorner.png; sourceTree = "<group>"; };
		53512D321CA2ACFD00E81676 /* more_icon.png */ = {isa = PBXFileReference; lastKnownFileType = image.png; path = more_icon.png; sourceTree = "<group>"; };
		53512D331CA2ACFD00E81676 /* pass_icon.png */ = {isa = PBXFileReference; lastKnownFileType = image.png; path = pass_icon.png; sourceTree = "<group>"; };
		53512D341CA2ACFD00E81676 /* settings_icon.png */ = {isa = PBXFileReference; lastKnownFileType = image.png; path = settings_icon.png; sourceTree = "<group>"; };
		53512D351CA2ACFD00E81676 /* scan_icon.png */ = {isa = PBXFileReference; lastKnownFileType = image.png; path = scan_icon.png; sourceTree = "<group>"; };
		53512D3B1CA2BC2900E81676 /* Roboto-Bold.ttf */ = {isa = PBXFileReference; lastKnownFileType = file; path = "Roboto-Bold.ttf"; sourceTree = "<group>"; };
		53512D3C1CA2BC2900E81676 /* Roboto-Italic.ttf */ = {isa = PBXFileReference; lastKnownFileType = file; path = "Roboto-Italic.ttf"; sourceTree = "<group>"; };
		53512D3D1CA2BC2900E81676 /* Roboto-Regular.ttf */ = {isa = PBXFileReference; lastKnownFileType = file; path = "Roboto-Regular.ttf"; sourceTree = "<group>"; };
		536C65301CD212E100946003 /* RequestController.swift */ = {isa = PBXFileReference; fileEncoding = 4; lastKnownFileType = sourcecode.swift; path = RequestController.swift; sourceTree = "<group>"; };
		5396D0E51C9B074B0010B3E1 /* SettingsViewController.swift */ = {isa = PBXFileReference; fileEncoding = 4; lastKnownFileType = sourcecode.swift; path = SettingsViewController.swift; sourceTree = "<group>"; };
		5396D0E71C9B07670010B3E1 /* PassportViewController.swift */ = {isa = PBXFileReference; fileEncoding = 4; lastKnownFileType = sourcecode.swift; path = PassportViewController.swift; sourceTree = "<group>"; };
		53B642061C98924E00B08F3B /* PEP.app */ = {isa = PBXFileReference; explicitFileType = wrapper.application; includeInIndex = 0; path = PEP.app; sourceTree = BUILT_PRODUCTS_DIR; };
		53B642091C98924E00B08F3B /* AppDelegate.swift */ = {isa = PBXFileReference; lastKnownFileType = sourcecode.swift; path = AppDelegate.swift; sourceTree = "<group>"; };
		53B6420B1C98924E00B08F3B /* ScanViewController.swift */ = {isa = PBXFileReference; lastKnownFileType = sourcecode.swift; path = ScanViewController.swift; sourceTree = "<group>"; };
		53B6420E1C98924E00B08F3B /* Base */ = {isa = PBXFileReference; lastKnownFileType = file.storyboard; name = Base; path = Base.lproj/Main.storyboard; sourceTree = "<group>"; };
		53B642101C98924E00B08F3B /* Assets.xcassets */ = {isa = PBXFileReference; lastKnownFileType = folder.assetcatalog; path = Assets.xcassets; sourceTree = "<group>"; };
		53B642131C98924E00B08F3B /* Base */ = {isa = PBXFileReference; lastKnownFileType = file.storyboard; name = Base; path = Base.lproj/LaunchScreen.storyboard; sourceTree = "<group>"; };
		53B642151C98924E00B08F3B /* Info.plist */ = {isa = PBXFileReference; lastKnownFileType = text.plist.xml; path = Info.plist; sourceTree = "<group>"; };
		53B6421A1C98924E00B08F3B /* PEPTests.xctest */ = {isa = PBXFileReference; explicitFileType = wrapper.cfbundle; includeInIndex = 0; path = PEPTests.xctest; sourceTree = BUILT_PRODUCTS_DIR; };
		53B6421E1C98924E00B08F3B /* PEPTests.swift */ = {isa = PBXFileReference; lastKnownFileType = sourcecode.swift; path = PEPTests.swift; sourceTree = "<group>"; };
		53B642201C98924F00B08F3B /* Info.plist */ = {isa = PBXFileReference; lastKnownFileType = text.plist.xml; path = Info.plist; sourceTree = "<group>"; };
		53B642291C989BA100B08F3B /* MainController.swift */ = {isa = PBXFileReference; fileEncoding = 4; lastKnownFileType = sourcecode.swift; path = MainController.swift; sourceTree = "<group>"; };
		53B6422B1C98BF3300B08F3B /* settings.swift */ = {isa = PBXFileReference; fileEncoding = 4; lastKnownFileType = sourcecode.swift; path = settings.swift; sourceTree = "<group>"; };
		53BF79F11CB79FBC0070EC3E /* user.swift */ = {isa = PBXFileReference; fileEncoding = 4; lastKnownFileType = sourcecode.swift; path = user.swift; sourceTree = "<group>"; };
		53BF79F31CB7C30F0070EC3E /* nl */ = {isa = PBXFileReference; lastKnownFileType = text.plist.strings; name = nl; path = nl.lproj/Main.strings; sourceTree = "<group>"; };
		53BF79F41CB7C30F0070EC3E /* nl */ = {isa = PBXFileReference; lastKnownFileType = text.plist.strings; name = nl; path = nl.lproj/LaunchScreen.strings; sourceTree = "<group>"; };
		53BF79F91CB7C41B0070EC3E /* en */ = {isa = PBXFileReference; lastKnownFileType = text.plist.strings; name = en; path = en.lproj/Localizable.strings; sourceTree = "<group>"; };
		53BF79FB1CB7C4210070EC3E /* nl */ = {isa = PBXFileReference; lastKnownFileType = text.plist.strings; name = nl; path = nl.lproj/Localizable.strings; sourceTree = "<group>"; };
		53BF79FC1CB7C4250070EC3E /* Base */ = {isa = PBXFileReference; lastKnownFileType = text.plist.strings; name = Base; path = Base.lproj/Localizable.strings; sourceTree = "<group>"; };
		53BF79FE1CB7C4800070EC3E /* en */ = {isa = PBXFileReference; lastKnownFileType = text.plist.strings; name = en; path = en.lproj/Main.strings; sourceTree = "<group>"; };
		53BF7A001CB7C48A0070EC3E /* en */ = {isa = PBXFileReference; lastKnownFileType = text.plist.strings; name = en; path = en.lproj/LaunchScreen.strings; sourceTree = "<group>"; };
		53C6FE361CCFBE720008652B /* Passport.swift */ = {isa = PBXFileReference; fileEncoding = 4; lastKnownFileType = sourcecode.swift; path = Passport.swift; sourceTree = "<group>"; };
		53CFA0BB1CE31E480090C9B5 /* person_style_icon.png */ = {isa = PBXFileReference; lastKnownFileType = image.png; path = person_style_icon.png; sourceTree = "<group>"; };
		53CFA0BC1CE31E480090C9B5 /* colors_icon.png */ = {isa = PBXFileReference; lastKnownFileType = image.png; path = colors_icon.png; sourceTree = "<group>"; };
		582E5CE75C8462705154D978 /* Pods_PEP.framework */ = {isa = PBXFileReference; explicitFileType = wrapper.framework; includeInIndex = 0; path = Pods_PEP.framework; sourceTree = BUILT_PRODUCTS_DIR; };
		85AC405D25D6F0E92A9C48CB /* Pods-PEPTests.debug.xcconfig */ = {isa = PBXFileReference; includeInIndex = 1; lastKnownFileType = text.xcconfig; name = "Pods-PEPTests.debug.xcconfig"; path = "Pods/Target Support Files/Pods-PEPTests/Pods-PEPTests.debug.xcconfig"; sourceTree = "<group>"; };
		9AE4AE2AC366155F9BB1336F /* Pods-PEPTests.release.xcconfig */ = {isa = PBXFileReference; includeInIndex = 1; lastKnownFileType = text.xcconfig; name = "Pods-PEPTests.release.xcconfig"; path = "Pods/Target Support Files/Pods-PEPTests/Pods-PEPTests.release.xcconfig"; sourceTree = "<group>"; };
		9BCB3DD6DDD3C1C1B16460E4 /* Pods_PEPTests.framework */ = {isa = PBXFileReference; explicitFileType = wrapper.framework; includeInIndex = 0; path = Pods_PEPTests.framework; sourceTree = BUILT_PRODUCTS_DIR; };
		CB49CBCF8E2D9B556E63E35E /* Pods-PEP.debug.xcconfig */ = {isa = PBXFileReference; includeInIndex = 1; lastKnownFileType = text.xcconfig; name = "Pods-PEP.debug.xcconfig"; path = "Pods/Target Support Files/Pods-PEP/Pods-PEP.debug.xcconfig"; sourceTree = "<group>"; };
		E2290C756048B00FEED35440 /* Pods-PEP.release.xcconfig */ = {isa = PBXFileReference; includeInIndex = 1; lastKnownFileType = text.xcconfig; name = "Pods-PEP.release.xcconfig"; path = "Pods/Target Support Files/Pods-PEP/Pods-PEP.release.xcconfig"; sourceTree = "<group>"; };
/* End PBXFileReference section */

/* Begin PBXFrameworksBuildPhase section */
		53B642031C98924E00B08F3B /* Frameworks */ = {
			isa = PBXFrameworksBuildPhase;
			buildActionMask = 2147483647;
			files = (
				76842F69E0A5E7F298BB2360 /* Pods_PEP.framework in Frameworks */,
			);
			runOnlyForDeploymentPostprocessing = 0;
		};
		53B642171C98924E00B08F3B /* Frameworks */ = {
			isa = PBXFrameworksBuildPhase;
			buildActionMask = 2147483647;
			files = (
				8ABB38A4548BB8876D729FAE /* Pods_PEPTests.framework in Frameworks */,
			);
			runOnlyForDeploymentPostprocessing = 0;
		};
/* End PBXFrameworksBuildPhase section */

/* Begin PBXGroup section */
		5206C4151CA2A0F7005BCAC1 /* information */ = {
			isa = PBXGroup;
			children = (
				5206C4161CA2A11F005BCAC1 /* InformationViewController.swift */,
			);
			name = information;
			sourceTree = "<group>";
		};
		52C4AAF61CC0349100E35F5C /* app_icons */ = {
			isa = PBXGroup;
			children = (
				52EF8B211CC4355200D00E40 /* pepIcon-60@2x.png */,
				52EF8B221CC4355200D00E40 /* pepIcon-60@3x.png */,
				52EF8B231CC4355200D00E40 /* pepIcon-76.png */,
				52EF8B241CC4355200D00E40 /* pepIcon-76@2x.png */,
				52EF8B251CC4355200D00E40 /* pepIcon-Small-40.png */,
				52EF8B261CC4355200D00E40 /* pepIcon-Small-40@2x.png */,
				52EF8B271CC4355200D00E40 /* pepIcon-Small-40@3x.png */,
				52EF8B281CC4355200D00E40 /* pepIcon-Small.png */,
				52EF8B291CC4355200D00E40 /* pepIcon-Small@2x.png */,
				52EF8B2A1CC4355200D00E40 /* pepIcon-Small@3x.png */,
			);
			name = app_icons;
			sourceTree = "<group>";
		};
		533CF07B1CA084F600A1EC05 /* res */ = {
			isa = PBXGroup;
			children = (
				53CFA0BB1CE31E480090C9B5 /* person_style_icon.png */,
				53CFA0BC1CE31E480090C9B5 /* colors_icon.png */,
				52C4AAF61CC0349100E35F5C /* app_icons */,
				53512D3A1CA2BC0E00E81676 /* types */,
				53512D321CA2ACFD00E81676 /* more_icon.png */,
				53512D331CA2ACFD00E81676 /* pass_icon.png */,
				53512D341CA2ACFD00E81676 /* settings_icon.png */,
				53512D351CA2ACFD00E81676 /* scan_icon.png */,
				533CF0801CA085A400A1EC05 /* splash_bottomrightcorner.png */,
				533CF0811CA085A400A1EC05 /* splash_topleftcorner.png */,
			);
			name = res;
			path = ..;
			sourceTree = "<group>";
		};
		53512D3A1CA2BC0E00E81676 /* types */ = {
			isa = PBXGroup;
			children = (
				53512D3B1CA2BC2900E81676 /* Roboto-Bold.ttf */,
				53512D3C1CA2BC2900E81676 /* Roboto-Italic.ttf */,
				53512D3D1CA2BC2900E81676 /* Roboto-Regular.ttf */,
			);
			name = types;
			sourceTree = "<group>";
		};
		5396D0E91C9B076E0010B3E1 /* settings */ = {
			isa = PBXGroup;
			children = (
				5396D0E51C9B074B0010B3E1 /* SettingsViewController.swift */,
			);
			name = settings;
			sourceTree = "<group>";
		};
		5396D0EA1C9B07960010B3E1 /* scanning */ = {
			isa = PBXGroup;
			children = (
				53B6420B1C98924E00B08F3B /* ScanViewController.swift */,
			);
			name = scanning;
			sourceTree = "<group>";
		};
		5396D0EB1C9B07A50010B3E1 /* passport */ = {
			isa = PBXGroup;
			children = (
				5396D0E71C9B07670010B3E1 /* PassportViewController.swift */,
				532272D01CC677D6009A412E /* ColorViewController.swift */,
				532272D21CC677F0009A412E /* ColorTableViewController.swift */,
				532272D41CC67808009A412E /* StyleViewController.swift */,
				532272DA1CC6808B009A412E /* ColorTableCell.swift */,
				533812D21CC7AD5600C9AE30 /* ColorPageViewController.swift */,
			);
			name = passport;
			sourceTree = "<group>";
		};
		5396D0EC1C9B07BC0010B3E1 /* core */ = {
			isa = PBXGroup;
			children = (
				520922A11CD388C9008B6724 /* PEP-Bridging-Header.h */,
				532362501CE75FDA00E67968 /* CVWrapper.h */,
				532362511CE7600100E67968 /* CVWrapper.mm */,
				532362531CE7608100E67968 /* stitching.h */,
				532362541CE760B000E67968 /* stitching.cpp */,
				532362571CE7616400E67968 /* UIImage+OpenCV.mm */,
				532362591CE7617B00E67968 /* UIImage+OpenCV.h */,
			);
			name = core;
			sourceTree = "<group>";
		};
		5396D0ED1C9B07C20010B3E1 /* models */ = {
			isa = PBXGroup;
			children = (
				53BF79F11CB79FBC0070EC3E /* user.swift */,
				532272D61CC67AB3009A412E /* PassportColor.swift */,
				53C6FE361CCFBE720008652B /* Passport.swift */,
				5325AC711CD34C97004AC6A3 /* Figure.swift */,
				5325AC731CD34CA2004AC6A3 /* FigureRules.swift */,
				5325AC751CD34CEF004AC6A3 /* MakeUp.swift */,
			);
			name = models;
			sourceTree = "<group>";
		};
		53B641FD1C98924E00B08F3B = {
			isa = PBXGroup;
			children = (
				53B642081C98924E00B08F3B /* PEP */,
				53B6421D1C98924E00B08F3B /* PEPTests */,
				53B642071C98924E00B08F3B /* Products */,
				6CE92AD9C473348D6F012728 /* Pods */,
				5832BE776958DC47746CA168 /* Frameworks */,
			);
			sourceTree = "<group>";
		};
		53B642071C98924E00B08F3B /* Products */ = {
			isa = PBXGroup;
			children = (
				53B642061C98924E00B08F3B /* PEP.app */,
				53B6421A1C98924E00B08F3B /* PEPTests.xctest */,
			);
			name = Products;
			sourceTree = "<group>";
		};
		53B642081C98924E00B08F3B /* PEP */ = {
			isa = PBXGroup;
			children = (
				53BF79F51CB7C3A30070EC3E /* Supporting Files */,
				53BF79F01CB79F0C0070EC3E /* controllers */,
				533CF07B1CA084F600A1EC05 /* res */,
				5396D0ED1C9B07C20010B3E1 /* models */,
				5396D0EC1C9B07BC0010B3E1 /* core */,
				53B642091C98924E00B08F3B /* AppDelegate.swift */,
				53B6420D1C98924E00B08F3B /* Main.storyboard */,
				53B642101C98924E00B08F3B /* Assets.xcassets */,
				53B642121C98924E00B08F3B /* LaunchScreen.storyboard */,
				53B642151C98924E00B08F3B /* Info.plist */,
				53B6422B1C98BF3300B08F3B /* settings.swift */,
			);
			path = PEP;
			sourceTree = "<group>";
		};
		53B6421D1C98924E00B08F3B /* PEPTests */ = {
			isa = PBXGroup;
			children = (
				53B6421E1C98924E00B08F3B /* PEPTests.swift */,
				53B642201C98924F00B08F3B /* Info.plist */,
			);
			path = PEPTests;
			sourceTree = "<group>";
		};
		53BF79F01CB79F0C0070EC3E /* controllers */ = {
			isa = PBXGroup;
			children = (
				5334ED091CA95C0800C16912 /* LoginViewController.swift */,
				5325AC771CD35838004AC6A3 /* DatabaseController.swift */,
				536C65301CD212E100946003 /* RequestController.swift */,
				53B642291C989BA100B08F3B /* MainController.swift */,
				5396D0EA1C9B07960010B3E1 /* scanning */,
				5396D0EB1C9B07A50010B3E1 /* passport */,
				5396D0E91C9B076E0010B3E1 /* settings */,
				5206C4151CA2A0F7005BCAC1 /* information */,
			);
			name = controllers;
			sourceTree = "<group>";
		};
		53BF79F51CB7C3A30070EC3E /* Supporting Files */ = {
			isa = PBXGroup;
			children = (
				53BF79FA1CB7C41B0070EC3E /* Localizable.strings */,
			);
			name = "Supporting Files";
			sourceTree = "<group>";
		};
		5832BE776958DC47746CA168 /* Frameworks */ = {
			isa = PBXGroup;
			children = (
				582E5CE75C8462705154D978 /* Pods_PEP.framework */,
				9BCB3DD6DDD3C1C1B16460E4 /* Pods_PEPTests.framework */,
			);
			name = Frameworks;
			sourceTree = "<group>";
		};
		6CE92AD9C473348D6F012728 /* Pods */ = {
			isa = PBXGroup;
			children = (
				CB49CBCF8E2D9B556E63E35E /* Pods-PEP.debug.xcconfig */,
				E2290C756048B00FEED35440 /* Pods-PEP.release.xcconfig */,
				85AC405D25D6F0E92A9C48CB /* Pods-PEPTests.debug.xcconfig */,
				9AE4AE2AC366155F9BB1336F /* Pods-PEPTests.release.xcconfig */,
			);
			name = Pods;
			sourceTree = "<group>";
		};
/* End PBXGroup section */

/* Begin PBXNativeTarget section */
		53B642051C98924E00B08F3B /* PEP */ = {
			isa = PBXNativeTarget;
			buildConfigurationList = 53B642231C98924F00B08F3B /* Build configuration list for PBXNativeTarget "PEP" */;
			buildPhases = (
				FC0786AD3BB4C08F4995BF93 /* Check Pods Manifest.lock */,
				53B642021C98924E00B08F3B /* Sources */,
				53B642031C98924E00B08F3B /* Frameworks */,
				53B642041C98924E00B08F3B /* Resources */,
				5062775674B9113B3A64F251 /* Embed Pods Frameworks */,
				B1F8F250DE34282519331A7F /* Copy Pods Resources */,
			);
			buildRules = (
			);
			dependencies = (
			);
			name = PEP;
			productName = PEP;
			productReference = 53B642061C98924E00B08F3B /* PEP.app */;
			productType = "com.apple.product-type.application";
		};
		53B642191C98924E00B08F3B /* PEPTests */ = {
			isa = PBXNativeTarget;
			buildConfigurationList = 53B642261C98924F00B08F3B /* Build configuration list for PBXNativeTarget "PEPTests" */;
			buildPhases = (
				45BE4419C975D7D69CA3F896 /* Check Pods Manifest.lock */,
				53B642161C98924E00B08F3B /* Sources */,
				53B642171C98924E00B08F3B /* Frameworks */,
				53B642181C98924E00B08F3B /* Resources */,
				7F1DD07B235774687F60502F /* Embed Pods Frameworks */,
				A1663C6F149CEC271D51BF34 /* Copy Pods Resources */,
			);
			buildRules = (
			);
			dependencies = (
				53B6421C1C98924E00B08F3B /* PBXTargetDependency */,
			);
			name = PEPTests;
			productName = PEPTests;
			productReference = 53B6421A1C98924E00B08F3B /* PEPTests.xctest */;
			productType = "com.apple.product-type.bundle.unit-test";
		};
/* End PBXNativeTarget section */

/* Begin PBXProject section */
		53B641FE1C98924E00B08F3B /* Project object */ = {
			isa = PBXProject;
			attributes = {
				LastSwiftUpdateCheck = 0730;
				LastUpgradeCheck = 0720;
				ORGANIZATIONNAME = 42IN11SOb;
				TargetAttributes = {
					53B642051C98924E00B08F3B = {
						CreatedOnToolsVersion = 7.2.1;
						DevelopmentTeam = NPT7P9MQHA;
					};
					53B642191C98924E00B08F3B = {
						CreatedOnToolsVersion = 7.2.1;
						DevelopmentTeam = J2J96F52QX;
						TestTargetID = 53B642051C98924E00B08F3B;
					};
				};
			};
			buildConfigurationList = 53B642011C98924E00B08F3B /* Build configuration list for PBXProject "PEP" */;
			compatibilityVersion = "Xcode 3.2";
			developmentRegion = English;
			hasScannedForEncodings = 0;
			knownRegions = (
				en,
				Base,
				nl,
			);
			mainGroup = 53B641FD1C98924E00B08F3B;
			productRefGroup = 53B642071C98924E00B08F3B /* Products */;
			projectDirPath = "";
			projectRoot = "";
			targets = (
				53B642051C98924E00B08F3B /* PEP */,
				53B642191C98924E00B08F3B /* PEPTests */,
			);
		};
/* End PBXProject section */

/* Begin PBXResourcesBuildPhase section */
		53B642041C98924E00B08F3B /* Resources */ = {
			isa = PBXResourcesBuildPhase;
			buildActionMask = 2147483647;
			files = (
				53B642141C98924E00B08F3B /* LaunchScreen.storyboard in Resources */,
				52EF8B301CC4355200D00E40 /* pepIcon-Small-40@2x.png in Resources */,
				53512D391CA2ACFD00E81676 /* scan_icon.png in Resources */,
				52EF8B321CC4355200D00E40 /* pepIcon-Small.png in Resources */,
				52EF8B2C1CC4355200D00E40 /* pepIcon-60@3x.png in Resources */,
				53512D3E1CA2BC2900E81676 /* Roboto-Bold.ttf in Resources */,
				53512D371CA2ACFD00E81676 /* pass_icon.png in Resources */,
				533CF0821CA085A400A1EC05 /* splash_bottomrightcorner.png in Resources */,
				53B642111C98924E00B08F3B /* Assets.xcassets in Resources */,
				53512D401CA2BC2900E81676 /* Roboto-Regular.ttf in Resources */,
				52EF8B2E1CC4355200D00E40 /* pepIcon-76@2x.png in Resources */,
				52EF8B311CC4355200D00E40 /* pepIcon-Small-40@3x.png in Resources */,
				53512D361CA2ACFD00E81676 /* more_icon.png in Resources */,
				52EF8B2F1CC4355200D00E40 /* pepIcon-Small-40.png in Resources */,
				52EF8B2D1CC4355200D00E40 /* pepIcon-76.png in Resources */,
				53CFA0BD1CE31E480090C9B5 /* person_style_icon.png in Resources */,
				53512D381CA2ACFD00E81676 /* settings_icon.png in Resources */,
				53BF79F81CB7C41B0070EC3E /* Localizable.strings in Resources */,
				52EF8B341CC4355200D00E40 /* pepIcon-Small@3x.png in Resources */,
				533CF0831CA085A400A1EC05 /* splash_topleftcorner.png in Resources */,
				52EF8B2B1CC4355200D00E40 /* pepIcon-60@2x.png in Resources */,
				53CFA0BE1CE31E480090C9B5 /* colors_icon.png in Resources */,
				52EF8B331CC4355200D00E40 /* pepIcon-Small@2x.png in Resources */,
				53512D3F1CA2BC2900E81676 /* Roboto-Italic.ttf in Resources */,
				53B6420F1C98924E00B08F3B /* Main.storyboard in Resources */,
			);
			runOnlyForDeploymentPostprocessing = 0;
		};
		53B642181C98924E00B08F3B /* Resources */ = {
			isa = PBXResourcesBuildPhase;
			buildActionMask = 2147483647;
			files = (
			);
			runOnlyForDeploymentPostprocessing = 0;
		};
/* End PBXResourcesBuildPhase section */

/* Begin PBXShellScriptBuildPhase section */
		45BE4419C975D7D69CA3F896 /* Check Pods Manifest.lock */ = {
			isa = PBXShellScriptBuildPhase;
			buildActionMask = 2147483647;
			files = (
			);
			inputPaths = (
			);
			name = "Check Pods Manifest.lock";
			outputPaths = (
			);
			runOnlyForDeploymentPostprocessing = 0;
			shellPath = /bin/sh;
			shellScript = "diff \"${PODS_ROOT}/../Podfile.lock\" \"${PODS_ROOT}/Manifest.lock\" > /dev/null\nif [[ $? != 0 ]] ; then\n    cat << EOM\nerror: The sandbox is not in sync with the Podfile.lock. Run 'pod install' or update your CocoaPods installation.\nEOM\n    exit 1\nfi\n";
			showEnvVarsInLog = 0;
		};
		5062775674B9113B3A64F251 /* Embed Pods Frameworks */ = {
			isa = PBXShellScriptBuildPhase;
			buildActionMask = 2147483647;
			files = (
			);
			inputPaths = (
			);
			name = "Embed Pods Frameworks";
			outputPaths = (
			);
			runOnlyForDeploymentPostprocessing = 0;
			shellPath = /bin/sh;
			shellScript = "\"${SRCROOT}/Pods/Target Support Files/Pods-PEP/Pods-PEP-frameworks.sh\"\n";
			showEnvVarsInLog = 0;
		};
		7F1DD07B235774687F60502F /* Embed Pods Frameworks */ = {
			isa = PBXShellScriptBuildPhase;
			buildActionMask = 2147483647;
			files = (
			);
			inputPaths = (
			);
			name = "Embed Pods Frameworks";
			outputPaths = (
			);
			runOnlyForDeploymentPostprocessing = 0;
			shellPath = /bin/sh;
			shellScript = "\"${SRCROOT}/Pods/Target Support Files/Pods-PEPTests/Pods-PEPTests-frameworks.sh\"\n";
			showEnvVarsInLog = 0;
		};
		A1663C6F149CEC271D51BF34 /* Copy Pods Resources */ = {
			isa = PBXShellScriptBuildPhase;
			buildActionMask = 2147483647;
			files = (
			);
			inputPaths = (
			);
			name = "Copy Pods Resources";
			outputPaths = (
			);
			runOnlyForDeploymentPostprocessing = 0;
			shellPath = /bin/sh;
			shellScript = "\"${SRCROOT}/Pods/Target Support Files/Pods-PEPTests/Pods-PEPTests-resources.sh\"\n";
			showEnvVarsInLog = 0;
		};
		B1F8F250DE34282519331A7F /* Copy Pods Resources */ = {
			isa = PBXShellScriptBuildPhase;
			buildActionMask = 2147483647;
			files = (
			);
			inputPaths = (
			);
			name = "Copy Pods Resources";
			outputPaths = (
			);
			runOnlyForDeploymentPostprocessing = 0;
			shellPath = /bin/sh;
			shellScript = "\"${SRCROOT}/Pods/Target Support Files/Pods-PEP/Pods-PEP-resources.sh\"\n";
			showEnvVarsInLog = 0;
		};
		FC0786AD3BB4C08F4995BF93 /* Check Pods Manifest.lock */ = {
			isa = PBXShellScriptBuildPhase;
			buildActionMask = 2147483647;
			files = (
			);
			inputPaths = (
			);
			name = "Check Pods Manifest.lock";
			outputPaths = (
			);
			runOnlyForDeploymentPostprocessing = 0;
			shellPath = /bin/sh;
			shellScript = "diff \"${PODS_ROOT}/../Podfile.lock\" \"${PODS_ROOT}/Manifest.lock\" > /dev/null\nif [[ $? != 0 ]] ; then\n    cat << EOM\nerror: The sandbox is not in sync with the Podfile.lock. Run 'pod install' or update your CocoaPods installation.\nEOM\n    exit 1\nfi\n";
			showEnvVarsInLog = 0;
		};
/* End PBXShellScriptBuildPhase section */

/* Begin PBXSourcesBuildPhase section */
		53B642021C98924E00B08F3B /* Sources */ = {
			isa = PBXSourcesBuildPhase;
			buildActionMask = 2147483647;
			files = (
				533812D31CC7AD5600C9AE30 /* ColorPageViewController.swift in Sources */,
				532272D51CC67808009A412E /* StyleViewController.swift in Sources */,
				5325AC761CD34CEF004AC6A3 /* MakeUp.swift in Sources */,
				532362521CE7600100E67968 /* CVWrapper.mm in Sources */,
				53B6420C1C98924E00B08F3B /* ScanViewController.swift in Sources */,
				532272DB1CC6808B009A412E /* ColorTableCell.swift in Sources */,
				5396D0E61C9B074B0010B3E1 /* SettingsViewController.swift in Sources */,
				5325AC721CD34C97004AC6A3 /* Figure.swift in Sources */,
				53C6FE371CCFBE720008652B /* Passport.swift in Sources */,
				5206C4171CA2A11F005BCAC1 /* InformationViewController.swift in Sources */,
				532272D71CC67AB3009A412E /* PassportColor.swift in Sources */,
				532362581CE7616400E67968 /* UIImage+OpenCV.mm in Sources */,
				532362561CE760B100E67968 /* stitching.cpp in Sources */,
				53B6422A1C989BA100B08F3B /* MainController.swift in Sources */,
				5334ED0A1CA95C0800C16912 /* LoginViewController.swift in Sources */,
				53BF79F21CB79FBC0070EC3E /* user.swift in Sources */,
				53B6422C1C98BF3300B08F3B /* settings.swift in Sources */,
				53B6420A1C98924E00B08F3B /* AppDelegate.swift in Sources */,
				536C65311CD212E100946003 /* RequestController.swift in Sources */,
				532272D11CC677D6009A412E /* ColorViewController.swift in Sources */,
				532272D31CC677F0009A412E /* ColorTableViewController.swift in Sources */,
				5325AC741CD34CA2004AC6A3 /* FigureRules.swift in Sources */,
				5396D0E81C9B07670010B3E1 /* PassportViewController.swift in Sources */,
				5325AC781CD35838004AC6A3 /* DatabaseController.swift in Sources */,
			);
			runOnlyForDeploymentPostprocessing = 0;
		};
		53B642161C98924E00B08F3B /* Sources */ = {
			isa = PBXSourcesBuildPhase;
			buildActionMask = 2147483647;
			files = (
				53B6421F1C98924E00B08F3B /* PEPTests.swift in Sources */,
			);
			runOnlyForDeploymentPostprocessing = 0;
		};
/* End PBXSourcesBuildPhase section */

/* Begin PBXTargetDependency section */
		53B6421C1C98924E00B08F3B /* PBXTargetDependency */ = {
			isa = PBXTargetDependency;
			target = 53B642051C98924E00B08F3B /* PEP */;
			targetProxy = 53B6421B1C98924E00B08F3B /* PBXContainerItemProxy */;
		};
/* End PBXTargetDependency section */

/* Begin PBXVariantGroup section */
		53B6420D1C98924E00B08F3B /* Main.storyboard */ = {
			isa = PBXVariantGroup;
			children = (
				53B6420E1C98924E00B08F3B /* Base */,
				53BF79F31CB7C30F0070EC3E /* nl */,
				53BF79FE1CB7C4800070EC3E /* en */,
			);
			name = Main.storyboard;
			sourceTree = "<group>";
		};
		53B642121C98924E00B08F3B /* LaunchScreen.storyboard */ = {
			isa = PBXVariantGroup;
			children = (
				53B642131C98924E00B08F3B /* Base */,
				53BF79F41CB7C30F0070EC3E /* nl */,
				53BF7A001CB7C48A0070EC3E /* en */,
			);
			name = LaunchScreen.storyboard;
			sourceTree = "<group>";
		};
		53BF79FA1CB7C41B0070EC3E /* Localizable.strings */ = {
			isa = PBXVariantGroup;
			children = (
				53BF79F91CB7C41B0070EC3E /* en */,
				53BF79FB1CB7C4210070EC3E /* nl */,
				53BF79FC1CB7C4250070EC3E /* Base */,
			);
			name = Localizable.strings;
			sourceTree = "<group>";
		};
/* End PBXVariantGroup section */

/* Begin XCBuildConfiguration section */
		53B642211C98924F00B08F3B /* Debug */ = {
			isa = XCBuildConfiguration;
			buildSettings = {
				ALWAYS_SEARCH_USER_PATHS = NO;
				CLANG_CXX_LANGUAGE_STANDARD = "gnu++0x";
				CLANG_CXX_LIBRARY = "libc++";
				CLANG_ENABLE_MODULES = YES;
				CLANG_ENABLE_OBJC_ARC = YES;
				CLANG_WARN_BOOL_CONVERSION = YES;
				CLANG_WARN_CONSTANT_CONVERSION = YES;
				CLANG_WARN_DIRECT_OBJC_ISA_USAGE = YES_ERROR;
				CLANG_WARN_EMPTY_BODY = YES;
				CLANG_WARN_ENUM_CONVERSION = YES;
				CLANG_WARN_INT_CONVERSION = YES;
				CLANG_WARN_OBJC_ROOT_CLASS = YES_ERROR;
				CLANG_WARN_UNREACHABLE_CODE = YES;
				CLANG_WARN__DUPLICATE_METHOD_MATCH = YES;
				"CODE_SIGN_IDENTITY[sdk=iphoneos*]" = "iPhone Developer";
				COPY_PHASE_STRIP = NO;
				DEBUG_INFORMATION_FORMAT = dwarf;
				ENABLE_STRICT_OBJC_MSGSEND = YES;
				ENABLE_TESTABILITY = YES;
				GCC_C_LANGUAGE_STANDARD = gnu99;
				GCC_DYNAMIC_NO_PIC = NO;
				GCC_NO_COMMON_BLOCKS = YES;
				GCC_OPTIMIZATION_LEVEL = 0;
				GCC_PREPROCESSOR_DEFINITIONS = (
					"DEBUG=1",
					"$(inherited)",
				);
				GCC_WARN_64_TO_32_BIT_CONVERSION = YES;
				GCC_WARN_ABOUT_RETURN_TYPE = YES_ERROR;
				GCC_WARN_UNDECLARED_SELECTOR = YES;
				GCC_WARN_UNINITIALIZED_AUTOS = YES_AGGRESSIVE;
				GCC_WARN_UNUSED_FUNCTION = YES;
				GCC_WARN_UNUSED_VARIABLE = YES;
				IPHONEOS_DEPLOYMENT_TARGET = 9.2;
				MTL_ENABLE_DEBUG_INFO = YES;
				ONLY_ACTIVE_ARCH = YES;
				SDKROOT = iphoneos;
				SWIFT_OPTIMIZATION_LEVEL = "-Onone";
				TARGETED_DEVICE_FAMILY = "1,2";
			};
			name = Debug;
		};
		53B642221C98924F00B08F3B /* Release */ = {
			isa = XCBuildConfiguration;
			buildSettings = {
				ALWAYS_SEARCH_USER_PATHS = NO;
				CLANG_CXX_LANGUAGE_STANDARD = "gnu++0x";
				CLANG_CXX_LIBRARY = "libc++";
				CLANG_ENABLE_MODULES = YES;
				CLANG_ENABLE_OBJC_ARC = YES;
				CLANG_WARN_BOOL_CONVERSION = YES;
				CLANG_WARN_CONSTANT_CONVERSION = YES;
				CLANG_WARN_DIRECT_OBJC_ISA_USAGE = YES_ERROR;
				CLANG_WARN_EMPTY_BODY = YES;
				CLANG_WARN_ENUM_CONVERSION = YES;
				CLANG_WARN_INT_CONVERSION = YES;
				CLANG_WARN_OBJC_ROOT_CLASS = YES_ERROR;
				CLANG_WARN_UNREACHABLE_CODE = YES;
				CLANG_WARN__DUPLICATE_METHOD_MATCH = YES;
				"CODE_SIGN_IDENTITY[sdk=iphoneos*]" = "iPhone Developer";
				COPY_PHASE_STRIP = NO;
				DEBUG_INFORMATION_FORMAT = "dwarf-with-dsym";
				ENABLE_NS_ASSERTIONS = NO;
				ENABLE_STRICT_OBJC_MSGSEND = YES;
				GCC_C_LANGUAGE_STANDARD = gnu99;
				GCC_NO_COMMON_BLOCKS = YES;
				GCC_WARN_64_TO_32_BIT_CONVERSION = YES;
				GCC_WARN_ABOUT_RETURN_TYPE = YES_ERROR;
				GCC_WARN_UNDECLARED_SELECTOR = YES;
				GCC_WARN_UNINITIALIZED_AUTOS = YES_AGGRESSIVE;
				GCC_WARN_UNUSED_FUNCTION = YES;
				GCC_WARN_UNUSED_VARIABLE = YES;
				IPHONEOS_DEPLOYMENT_TARGET = 9.2;
				MTL_ENABLE_DEBUG_INFO = NO;
				SDKROOT = iphoneos;
				TARGETED_DEVICE_FAMILY = "1,2";
				VALIDATE_PRODUCT = YES;
			};
			name = Release;
		};
		53B642241C98924F00B08F3B /* Debug */ = {
			isa = XCBuildConfiguration;
			baseConfigurationReference = CB49CBCF8E2D9B556E63E35E /* Pods-PEP.debug.xcconfig */;
			buildSettings = {
				ASSETCATALOG_COMPILER_APPICON_NAME = AppIcon;
				CLANG_ENABLE_MODULES = YES;
				CODE_SIGN_IDENTITY = "iPhone Developer";
				"CODE_SIGN_IDENTITY[sdk=iphoneos*]" = "iPhone Developer";
				ENABLE_BITCODE = NO;
				INFOPLIST_FILE = PEP/Info.plist;
				LD_RUNPATH_SEARCH_PATHS = "$(inherited) @executable_path/Frameworks";
				PRODUCT_BUNDLE_IDENTIFIER = b42IN11SO.PEP;
				PRODUCT_NAME = "$(TARGET_NAME)";
				PROVISIONING_PROFILE = "";
				SWIFT_OBJC_BRIDGING_HEADER = "PEP/PEP-Bridging-Header.h";
				SWIFT_OPTIMIZATION_LEVEL = "-Onone";
			};
			name = Debug;
		};
		53B642251C98924F00B08F3B /* Release */ = {
			isa = XCBuildConfiguration;
			baseConfigurationReference = E2290C756048B00FEED35440 /* Pods-PEP.release.xcconfig */;
			buildSettings = {
				ASSETCATALOG_COMPILER_APPICON_NAME = AppIcon;
				CLANG_ENABLE_MODULES = YES;
				CODE_SIGN_IDENTITY = "iPhone Developer";
				"CODE_SIGN_IDENTITY[sdk=iphoneos*]" = "iPhone Developer";
				ENABLE_BITCODE = NO;
				INFOPLIST_FILE = PEP/Info.plist;
				LD_RUNPATH_SEARCH_PATHS = "$(inherited) @executable_path/Frameworks";
				PRODUCT_BUNDLE_IDENTIFIER = b42IN11SO.PEP;
				PRODUCT_NAME = "$(TARGET_NAME)";
				PROVISIONING_PROFILE = "";
				SWIFT_OBJC_BRIDGING_HEADER = "PEP/PEP-Bridging-Header.h";
			};
			name = Release;
		};
		53B642271C98924F00B08F3B /* Debug */ = {
			isa = XCBuildConfiguration;
			baseConfigurationReference = 85AC405D25D6F0E92A9C48CB /* Pods-PEPTests.debug.xcconfig */;
			buildSettings = {
				BUNDLE_LOADER = "$(TEST_HOST)";
				INFOPLIST_FILE = PEPTests/Info.plist;
				LD_RUNPATH_SEARCH_PATHS = "$(inherited) @executable_path/Frameworks @loader_path/Frameworks";
				PRODUCT_BUNDLE_IDENTIFIER = "-2IN11SOb.PEPTests";
				PRODUCT_NAME = "$(TARGET_NAME)";
				TEST_HOST = "$(BUILT_PRODUCTS_DIR)/PEP.app/PEP";
			};
			name = Debug;
		};
		53B642281C98924F00B08F3B /* Release */ = {
			isa = XCBuildConfiguration;
			baseConfigurationReference = 9AE4AE2AC366155F9BB1336F /* Pods-PEPTests.release.xcconfig */;
			buildSettings = {
				BUNDLE_LOADER = "$(TEST_HOST)";
				INFOPLIST_FILE = PEPTests/Info.plist;
				LD_RUNPATH_SEARCH_PATHS = "$(inherited) @executable_path/Frameworks @loader_path/Frameworks";
				PRODUCT_BUNDLE_IDENTIFIER = "-2IN11SOb.PEPTests";
				PRODUCT_NAME = "$(TARGET_NAME)";
				TEST_HOST = "$(BUILT_PRODUCTS_DIR)/PEP.app/PEP";
			};
			name = Release;
		};
/* End XCBuildConfiguration section */

/* Begin XCConfigurationList section */
		53B642011C98924E00B08F3B /* Build configuration list for PBXProject "PEP" */ = {
			isa = XCConfigurationList;
			buildConfigurations = (
				53B642211C98924F00B08F3B /* Debug */,
				53B642221C98924F00B08F3B /* Release */,
			);
			defaultConfigurationIsVisible = 0;
			defaultConfigurationName = Release;
		};
		53B642231C98924F00B08F3B /* Build configuration list for PBXNativeTarget "PEP" */ = {
			isa = XCConfigurationList;
			buildConfigurations = (
				53B642241C98924F00B08F3B /* Debug */,
				53B642251C98924F00B08F3B /* Release */,
			);
			defaultConfigurationIsVisible = 0;
			defaultConfigurationName = Release;
		};
		53B642261C98924F00B08F3B /* Build configuration list for PBXNativeTarget "PEPTests" */ = {
			isa = XCConfigurationList;
			buildConfigurations = (
				53B642271C98924F00B08F3B /* Debug */,
				53B642281C98924F00B08F3B /* Release */,
			);
			defaultConfigurationIsVisible = 0;
			defaultConfigurationName = Release;
		};
/* End XCConfigurationList section */
	};
	rootObject = 53B641FE1C98924E00B08F3B /* Project object */;
}
